// !$*UTF8*$!
{
	archiveVersion = 1;
	classes = {
	};
	objectVersion = 56;
	objects = {

/* Begin PBXBuildFile section */
		217BCCB42B9DE5C300B5461B /* kiwITApp.swift in Sources */ = {isa = PBXBuildFile; fileRef = 217BCCB32B9DE5C300B5461B /* kiwITApp.swift */; };
		217BCCB62B9DE5C300B5461B /* TabBarView.swift in Sources */ = {isa = PBXBuildFile; fileRef = 217BCCB52B9DE5C300B5461B /* TabBarView.swift */; };
		217BCCB82B9DE5C400B5461B /* Assets.xcassets in Resources */ = {isa = PBXBuildFile; fileRef = 217BCCB72B9DE5C400B5461B /* Assets.xcassets */; };
		217BCCBB2B9DE5C400B5461B /* Preview Assets.xcassets in Resources */ = {isa = PBXBuildFile; fileRef = 217BCCBA2B9DE5C400B5461B /* Preview Assets.xcassets */; };
		217BCCC52B9DE5C400B5461B /* kiwITTests.swift in Sources */ = {isa = PBXBuildFile; fileRef = 217BCCC42B9DE5C400B5461B /* kiwITTests.swift */; };
		217BCCCF2B9DE5C400B5461B /* kiwITUITests.swift in Sources */ = {isa = PBXBuildFile; fileRef = 217BCCCE2B9DE5C400B5461B /* kiwITUITests.swift */; };
		217BCCD12B9DE5C400B5461B /* kiwITUITestsLaunchTests.swift in Sources */ = {isa = PBXBuildFile; fileRef = 217BCCD02B9DE5C400B5461B /* kiwITUITestsLaunchTests.swift */; };
		217BCCDE2B9DE6CD00B5461B /* .gitignore in Resources */ = {isa = PBXBuildFile; fileRef = 217BCCDD2B9DE6CD00B5461B /* .gitignore */; };
		217BCCE02B9DE84100B5461B /* APIKey.swift in Sources */ = {isa = PBXBuildFile; fileRef = 217BCCDF2B9DE84100B5461B /* APIKey.swift */; };
		219EFBBB2B9F068200FBEBE0 /* HomeView.swift in Sources */ = {isa = PBXBuildFile; fileRef = 219EFBBA2B9F068200FBEBE0 /* HomeView.swift */; };
		219EFBBD2B9F068E00FBEBE0 /* LectureView.swift in Sources */ = {isa = PBXBuildFile; fileRef = 219EFBBC2B9F068E00FBEBE0 /* LectureView.swift */; };
		219EFBBF2B9F069600FBEBE0 /* QuizView.swift in Sources */ = {isa = PBXBuildFile; fileRef = 219EFBBE2B9F069600FBEBE0 /* QuizView.swift */; };
		219EFBC12B9F069F00FBEBE0 /* AIInterviewView.swift in Sources */ = {isa = PBXBuildFile; fileRef = 219EFBC02B9F069F00FBEBE0 /* AIInterviewView.swift */; };
		219EFBC32B9F06C300FBEBE0 /* ProfileView.swift in Sources */ = {isa = PBXBuildFile; fileRef = 219EFBC22B9F06C300FBEBE0 /* ProfileView.swift */; };
		219EFBC52B9F0A4C00FBEBE0 /* Setup+UIStrings.swift in Sources */ = {isa = PBXBuildFile; fileRef = 219EFBC42B9F0A4C00FBEBE0 /* Setup+UIStrings.swift */; };
		219EFBD02B9F145900FBEBE0 /* Setup+Frame.swift in Sources */ = {isa = PBXBuildFile; fileRef = 219EFBCF2B9F145900FBEBE0 /* Setup+Frame.swift */; };
/* End PBXBuildFile section */

/* Begin PBXContainerItemProxy section */
		217BCCC12B9DE5C400B5461B /* PBXContainerItemProxy */ = {
			isa = PBXContainerItemProxy;
			containerPortal = 217BCCA82B9DE5C300B5461B /* Project object */;
			proxyType = 1;
			remoteGlobalIDString = 217BCCAF2B9DE5C300B5461B;
			remoteInfo = kiwIT;
		};
		217BCCCB2B9DE5C400B5461B /* PBXContainerItemProxy */ = {
			isa = PBXContainerItemProxy;
			containerPortal = 217BCCA82B9DE5C300B5461B /* Project object */;
			proxyType = 1;
			remoteGlobalIDString = 217BCCAF2B9DE5C300B5461B;
			remoteInfo = kiwIT;
		};
/* End PBXContainerItemProxy section */

/* Begin PBXFileReference section */
		217BCCB02B9DE5C300B5461B /* kiwIT.app */ = {isa = PBXFileReference; explicitFileType = wrapper.application; includeInIndex = 0; path = kiwIT.app; sourceTree = BUILT_PRODUCTS_DIR; };
		217BCCB32B9DE5C300B5461B /* kiwITApp.swift */ = {isa = PBXFileReference; lastKnownFileType = sourcecode.swift; path = kiwITApp.swift; sourceTree = "<group>"; };
		217BCCB52B9DE5C300B5461B /* TabBarView.swift */ = {isa = PBXFileReference; lastKnownFileType = sourcecode.swift; path = TabBarView.swift; sourceTree = "<group>"; };
		217BCCB72B9DE5C400B5461B /* Assets.xcassets */ = {isa = PBXFileReference; lastKnownFileType = folder.assetcatalog; path = Assets.xcassets; sourceTree = "<group>"; };
		217BCCBA2B9DE5C400B5461B /* Preview Assets.xcassets */ = {isa = PBXFileReference; lastKnownFileType = folder.assetcatalog; path = "Preview Assets.xcassets"; sourceTree = "<group>"; };
		217BCCC02B9DE5C400B5461B /* kiwITTests.xctest */ = {isa = PBXFileReference; explicitFileType = wrapper.cfbundle; includeInIndex = 0; path = kiwITTests.xctest; sourceTree = BUILT_PRODUCTS_DIR; };
		217BCCC42B9DE5C400B5461B /* kiwITTests.swift */ = {isa = PBXFileReference; lastKnownFileType = sourcecode.swift; path = kiwITTests.swift; sourceTree = "<group>"; };
		217BCCCA2B9DE5C400B5461B /* kiwITUITests.xctest */ = {isa = PBXFileReference; explicitFileType = wrapper.cfbundle; includeInIndex = 0; path = kiwITUITests.xctest; sourceTree = BUILT_PRODUCTS_DIR; };
		217BCCCE2B9DE5C400B5461B /* kiwITUITests.swift */ = {isa = PBXFileReference; lastKnownFileType = sourcecode.swift; path = kiwITUITests.swift; sourceTree = "<group>"; };
		217BCCD02B9DE5C400B5461B /* kiwITUITestsLaunchTests.swift */ = {isa = PBXFileReference; lastKnownFileType = sourcecode.swift; path = kiwITUITestsLaunchTests.swift; sourceTree = "<group>"; };
		217BCCDD2B9DE6CD00B5461B /* .gitignore */ = {isa = PBXFileReference; lastKnownFileType = text; path = .gitignore; sourceTree = "<group>"; };
		217BCCDF2B9DE84100B5461B /* APIKey.swift */ = {isa = PBXFileReference; lastKnownFileType = sourcecode.swift; path = APIKey.swift; sourceTree = "<group>"; };
		219EFBBA2B9F068200FBEBE0 /* HomeView.swift */ = {isa = PBXFileReference; lastKnownFileType = sourcecode.swift; path = HomeView.swift; sourceTree = "<group>"; };
		219EFBBC2B9F068E00FBEBE0 /* LectureView.swift */ = {isa = PBXFileReference; lastKnownFileType = sourcecode.swift; path = LectureView.swift; sourceTree = "<group>"; };
		219EFBBE2B9F069600FBEBE0 /* QuizView.swift */ = {isa = PBXFileReference; lastKnownFileType = sourcecode.swift; path = QuizView.swift; sourceTree = "<group>"; };
		219EFBC02B9F069F00FBEBE0 /* AIInterviewView.swift */ = {isa = PBXFileReference; lastKnownFileType = sourcecode.swift; path = AIInterviewView.swift; sourceTree = "<group>"; };
		219EFBC22B9F06C300FBEBE0 /* ProfileView.swift */ = {isa = PBXFileReference; lastKnownFileType = sourcecode.swift; path = ProfileView.swift; sourceTree = "<group>"; };
		219EFBC42B9F0A4C00FBEBE0 /* Setup+UIStrings.swift */ = {isa = PBXFileReference; lastKnownFileType = sourcecode.swift; path = "Setup+UIStrings.swift"; sourceTree = "<group>"; };
		219EFBCF2B9F145900FBEBE0 /* Setup+Frame.swift */ = {isa = PBXFileReference; lastKnownFileType = sourcecode.swift; path = "Setup+Frame.swift"; sourceTree = "<group>"; };
/* End PBXFileReference section */

/* Begin PBXFrameworksBuildPhase section */
		217BCCAD2B9DE5C300B5461B /* Frameworks */ = {
			isa = PBXFrameworksBuildPhase;
			buildActionMask = 2147483647;
			files = (
			);
			runOnlyForDeploymentPostprocessing = 0;
		};
		217BCCBD2B9DE5C400B5461B /* Frameworks */ = {
			isa = PBXFrameworksBuildPhase;
			buildActionMask = 2147483647;
			files = (
			);
			runOnlyForDeploymentPostprocessing = 0;
		};
		217BCCC72B9DE5C400B5461B /* Frameworks */ = {
			isa = PBXFrameworksBuildPhase;
			buildActionMask = 2147483647;
			files = (
			);
			runOnlyForDeploymentPostprocessing = 0;
		};
/* End PBXFrameworksBuildPhase section */

/* Begin PBXGroup section */
		217BCCA72B9DE5C300B5461B = {
			isa = PBXGroup;
			children = (
				217BCCB22B9DE5C300B5461B /* kiwIT */,
				217BCCC32B9DE5C400B5461B /* kiwITTests */,
				217BCCCD2B9DE5C400B5461B /* kiwITUITests */,
				217BCCB12B9DE5C300B5461B /* Products */,
			);
			sourceTree = "<group>";
		};
		217BCCB12B9DE5C300B5461B /* Products */ = {
			isa = PBXGroup;
			children = (
				217BCCB02B9DE5C300B5461B /* kiwIT.app */,
				217BCCC02B9DE5C400B5461B /* kiwITTests.xctest */,
				217BCCCA2B9DE5C400B5461B /* kiwITUITests.xctest */,
			);
			name = Products;
			sourceTree = "<group>";
		};
		217BCCB22B9DE5C300B5461B /* kiwIT */ = {
			isa = PBXGroup;
			children = (
				217BCCDF2B9DE84100B5461B /* APIKey.swift */,
				217BCCDD2B9DE6CD00B5461B /* .gitignore */,
				217BCCB32B9DE5C300B5461B /* kiwITApp.swift */,
				219EFBC62B9F0A5200FBEBE0 /* Setup */,
				217BCCB52B9DE5C300B5461B /* TabBarView.swift */,
				219EFBCA2B9F127400FBEBE0 /* Home */,
				219EFBCB2B9F127B00FBEBE0 /* Lecture */,
				219EFBCC2B9F128000FBEBE0 /* Quiz */,
				219EFBCD2B9F128500FBEBE0 /* AIInterview */,
				219EFBCE2B9F128B00FBEBE0 /* Profile */,
				217BCCB72B9DE5C400B5461B /* Assets.xcassets */,
				217BCCB92B9DE5C400B5461B /* Preview Content */,
			);
			path = kiwIT;
			sourceTree = "<group>";
		};
		217BCCB92B9DE5C400B5461B /* Preview Content */ = {
			isa = PBXGroup;
			children = (
				217BCCBA2B9DE5C400B5461B /* Preview Assets.xcassets */,
			);
			path = "Preview Content";
			sourceTree = "<group>";
		};
		217BCCC32B9DE5C400B5461B /* kiwITTests */ = {
			isa = PBXGroup;
			children = (
				217BCCC42B9DE5C400B5461B /* kiwITTests.swift */,
			);
			path = kiwITTests;
			sourceTree = "<group>";
		};
		217BCCCD2B9DE5C400B5461B /* kiwITUITests */ = {
			isa = PBXGroup;
			children = (
				217BCCCE2B9DE5C400B5461B /* kiwITUITests.swift */,
				217BCCD02B9DE5C400B5461B /* kiwITUITestsLaunchTests.swift */,
			);
			path = kiwITUITests;
			sourceTree = "<group>";
		};
		219EFBC62B9F0A5200FBEBE0 /* Setup */ = {
			isa = PBXGroup;
			children = (
				219EFBD12B9F146B00FBEBE0 /* Utility */,
				219EFBC72B9F0AA300FBEBE0 /* Strings */,
			);
			path = Setup;
			sourceTree = "<group>";
		};
		219EFBC72B9F0AA300FBEBE0 /* Strings */ = {
			isa = PBXGroup;
			children = (
				219EFBC42B9F0A4C00FBEBE0 /* Setup+UIStrings.swift */,
			);
			path = Strings;
			sourceTree = "<group>";
		};
		219EFBCA2B9F127400FBEBE0 /* Home */ = {
			isa = PBXGroup;
			children = (
				219EFBBA2B9F068200FBEBE0 /* HomeView.swift */,
			);
			path = Home;
			sourceTree = "<group>";
		};
		219EFBCB2B9F127B00FBEBE0 /* Lecture */ = {
			isa = PBXGroup;
			children = (
				219EFBBC2B9F068E00FBEBE0 /* LectureView.swift */,
			);
			path = Lecture;
			sourceTree = "<group>";
		};
		219EFBCC2B9F128000FBEBE0 /* Quiz */ = {
			isa = PBXGroup;
			children = (
				219EFBBE2B9F069600FBEBE0 /* QuizView.swift */,
			);
			path = Quiz;
			sourceTree = "<group>";
		};
		219EFBCD2B9F128500FBEBE0 /* AIInterview */ = {
			isa = PBXGroup;
			children = (
				219EFBC02B9F069F00FBEBE0 /* AIInterviewView.swift */,
			);
			path = AIInterview;
			sourceTree = "<group>";
		};
		219EFBCE2B9F128B00FBEBE0 /* Profile */ = {
			isa = PBXGroup;
			children = (
				219EFBC22B9F06C300FBEBE0 /* ProfileView.swift */,
			);
			path = Profile;
			sourceTree = "<group>";
		};
		219EFBD12B9F146B00FBEBE0 /* Utility */ = {
			isa = PBXGroup;
			children = (
				219EFBCF2B9F145900FBEBE0 /* Setup+Frame.swift */,
			);
			path = Utility;
			sourceTree = "<group>";
		};
/* End PBXGroup section */

/* Begin PBXNativeTarget section */
		217BCCAF2B9DE5C300B5461B /* kiwIT */ = {
			isa = PBXNativeTarget;
			buildConfigurationList = 217BCCD42B9DE5C400B5461B /* Build configuration list for PBXNativeTarget "kiwIT" */;
			buildPhases = (
				217BCCAC2B9DE5C300B5461B /* Sources */,
				217BCCAD2B9DE5C300B5461B /* Frameworks */,
				217BCCAE2B9DE5C300B5461B /* Resources */,
			);
			buildRules = (
			);
			dependencies = (
			);
			name = kiwIT;
			productName = kiwIT;
			productReference = 217BCCB02B9DE5C300B5461B /* kiwIT.app */;
			productType = "com.apple.product-type.application";
		};
		217BCCBF2B9DE5C400B5461B /* kiwITTests */ = {
			isa = PBXNativeTarget;
			buildConfigurationList = 217BCCD72B9DE5C400B5461B /* Build configuration list for PBXNativeTarget "kiwITTests" */;
			buildPhases = (
				217BCCBC2B9DE5C400B5461B /* Sources */,
				217BCCBD2B9DE5C400B5461B /* Frameworks */,
				217BCCBE2B9DE5C400B5461B /* Resources */,
			);
			buildRules = (
			);
			dependencies = (
				217BCCC22B9DE5C400B5461B /* PBXTargetDependency */,
			);
			name = kiwITTests;
			productName = kiwITTests;
			productReference = 217BCCC02B9DE5C400B5461B /* kiwITTests.xctest */;
			productType = "com.apple.product-type.bundle.unit-test";
		};
		217BCCC92B9DE5C400B5461B /* kiwITUITests */ = {
			isa = PBXNativeTarget;
			buildConfigurationList = 217BCCDA2B9DE5C400B5461B /* Build configuration list for PBXNativeTarget "kiwITUITests" */;
			buildPhases = (
				217BCCC62B9DE5C400B5461B /* Sources */,
				217BCCC72B9DE5C400B5461B /* Frameworks */,
				217BCCC82B9DE5C400B5461B /* Resources */,
			);
			buildRules = (
			);
			dependencies = (
				217BCCCC2B9DE5C400B5461B /* PBXTargetDependency */,
			);
			name = kiwITUITests;
			productName = kiwITUITests;
			productReference = 217BCCCA2B9DE5C400B5461B /* kiwITUITests.xctest */;
			productType = "com.apple.product-type.bundle.ui-testing";
		};
/* End PBXNativeTarget section */

/* Begin PBXProject section */
		217BCCA82B9DE5C300B5461B /* Project object */ = {
			isa = PBXProject;
			attributes = {
				BuildIndependentTargetsInParallel = 1;
				LastSwiftUpdateCheck = 1520;
				LastUpgradeCheck = 1520;
				TargetAttributes = {
					217BCCAF2B9DE5C300B5461B = {
						CreatedOnToolsVersion = 15.2;
					};
					217BCCBF2B9DE5C400B5461B = {
						CreatedOnToolsVersion = 15.2;
						TestTargetID = 217BCCAF2B9DE5C300B5461B;
					};
					217BCCC92B9DE5C400B5461B = {
						CreatedOnToolsVersion = 15.2;
						TestTargetID = 217BCCAF2B9DE5C300B5461B;
					};
				};
			};
			buildConfigurationList = 217BCCAB2B9DE5C300B5461B /* Build configuration list for PBXProject "kiwIT" */;
			compatibilityVersion = "Xcode 14.0";
			developmentRegion = en;
			hasScannedForEncodings = 0;
			knownRegions = (
				en,
				Base,
			);
			mainGroup = 217BCCA72B9DE5C300B5461B;
			productRefGroup = 217BCCB12B9DE5C300B5461B /* Products */;
			projectDirPath = "";
			projectRoot = "";
			targets = (
				217BCCAF2B9DE5C300B5461B /* kiwIT */,
				217BCCBF2B9DE5C400B5461B /* kiwITTests */,
				217BCCC92B9DE5C400B5461B /* kiwITUITests */,
			);
		};
/* End PBXProject section */

/* Begin PBXResourcesBuildPhase section */
		217BCCAE2B9DE5C300B5461B /* Resources */ = {
			isa = PBXResourcesBuildPhase;
			buildActionMask = 2147483647;
			files = (
				217BCCBB2B9DE5C400B5461B /* Preview Assets.xcassets in Resources */,
				217BCCB82B9DE5C400B5461B /* Assets.xcassets in Resources */,
			);
			runOnlyForDeploymentPostprocessing = 0;
		};
		217BCCBE2B9DE5C400B5461B /* Resources */ = {
			isa = PBXResourcesBuildPhase;
			buildActionMask = 2147483647;
			files = (
				217BCCDE2B9DE6CD00B5461B /* .gitignore in Resources */,
			);
			runOnlyForDeploymentPostprocessing = 0;
		};
		217BCCC82B9DE5C400B5461B /* Resources */ = {
			isa = PBXResourcesBuildPhase;
			buildActionMask = 2147483647;
			files = (
			);
			runOnlyForDeploymentPostprocessing = 0;
		};
/* End PBXResourcesBuildPhase section */

/* Begin PBXSourcesBuildPhase section */
		217BCCAC2B9DE5C300B5461B /* Sources */ = {
			isa = PBXSourcesBuildPhase;
			buildActionMask = 2147483647;
			files = (
				219EFBC32B9F06C300FBEBE0 /* ProfileView.swift in Sources */,
				217BCCB62B9DE5C300B5461B /* TabBarView.swift in Sources */,
				219EFBBB2B9F068200FBEBE0 /* HomeView.swift in Sources */,
				217BCCE02B9DE84100B5461B /* APIKey.swift in Sources */,
				219EFBC12B9F069F00FBEBE0 /* AIInterviewView.swift in Sources */,
				219EFBD02B9F145900FBEBE0 /* Setup+Frame.swift in Sources */,
				219EFBBD2B9F068E00FBEBE0 /* LectureView.swift in Sources */,
				219EFBC52B9F0A4C00FBEBE0 /* Setup+UIStrings.swift in Sources */,
				217BCCB42B9DE5C300B5461B /* kiwITApp.swift in Sources */,
				219EFBBF2B9F069600FBEBE0 /* QuizView.swift in Sources */,
			);
			runOnlyForDeploymentPostprocessing = 0;
		};
		217BCCBC2B9DE5C400B5461B /* Sources */ = {
			isa = PBXSourcesBuildPhase;
			buildActionMask = 2147483647;
			files = (
				217BCCC52B9DE5C400B5461B /* kiwITTests.swift in Sources */,
			);
			runOnlyForDeploymentPostprocessing = 0;
		};
		217BCCC62B9DE5C400B5461B /* Sources */ = {
			isa = PBXSourcesBuildPhase;
			buildActionMask = 2147483647;
			files = (
				217BCCCF2B9DE5C400B5461B /* kiwITUITests.swift in Sources */,
				217BCCD12B9DE5C400B5461B /* kiwITUITestsLaunchTests.swift in Sources */,
			);
			runOnlyForDeploymentPostprocessing = 0;
		};
/* End PBXSourcesBuildPhase section */

/* Begin PBXTargetDependency section */
		217BCCC22B9DE5C400B5461B /* PBXTargetDependency */ = {
			isa = PBXTargetDependency;
			target = 217BCCAF2B9DE5C300B5461B /* kiwIT */;
			targetProxy = 217BCCC12B9DE5C400B5461B /* PBXContainerItemProxy */;
		};
		217BCCCC2B9DE5C400B5461B /* PBXTargetDependency */ = {
			isa = PBXTargetDependency;
			target = 217BCCAF2B9DE5C300B5461B /* kiwIT */;
			targetProxy = 217BCCCB2B9DE5C400B5461B /* PBXContainerItemProxy */;
		};
/* End PBXTargetDependency section */

/* Begin XCBuildConfiguration section */
		217BCCD22B9DE5C400B5461B /* Debug */ = {
			isa = XCBuildConfiguration;
			buildSettings = {
				ALWAYS_SEARCH_USER_PATHS = NO;
				ASSETCATALOG_COMPILER_GENERATE_SWIFT_ASSET_SYMBOL_EXTENSIONS = YES;
				CLANG_ANALYZER_NONNULL = YES;
				CLANG_ANALYZER_NUMBER_OBJECT_CONVERSION = YES_AGGRESSIVE;
				CLANG_CXX_LANGUAGE_STANDARD = "gnu++20";
				CLANG_ENABLE_MODULES = YES;
				CLANG_ENABLE_OBJC_ARC = YES;
				CLANG_ENABLE_OBJC_WEAK = YES;
				CLANG_WARN_BLOCK_CAPTURE_AUTORELEASING = YES;
				CLANG_WARN_BOOL_CONVERSION = YES;
				CLANG_WARN_COMMA = YES;
				CLANG_WARN_CONSTANT_CONVERSION = YES;
				CLANG_WARN_DEPRECATED_OBJC_IMPLEMENTATIONS = YES;
				CLANG_WARN_DIRECT_OBJC_ISA_USAGE = YES_ERROR;
				CLANG_WARN_DOCUMENTATION_COMMENTS = YES;
				CLANG_WARN_EMPTY_BODY = YES;
				CLANG_WARN_ENUM_CONVERSION = YES;
				CLANG_WARN_INFINITE_RECURSION = YES;
				CLANG_WARN_INT_CONVERSION = YES;
				CLANG_WARN_NON_LITERAL_NULL_CONVERSION = YES;
				CLANG_WARN_OBJC_IMPLICIT_RETAIN_SELF = YES;
				CLANG_WARN_OBJC_LITERAL_CONVERSION = YES;
				CLANG_WARN_OBJC_ROOT_CLASS = YES_ERROR;
				CLANG_WARN_QUOTED_INCLUDE_IN_FRAMEWORK_HEADER = YES;
				CLANG_WARN_RANGE_LOOP_ANALYSIS = YES;
				CLANG_WARN_STRICT_PROTOTYPES = YES;
				CLANG_WARN_SUSPICIOUS_MOVE = YES;
				CLANG_WARN_UNGUARDED_AVAILABILITY = YES_AGGRESSIVE;
				CLANG_WARN_UNREACHABLE_CODE = YES;
				CLANG_WARN__DUPLICATE_METHOD_MATCH = YES;
				COPY_PHASE_STRIP = NO;
				DEBUG_INFORMATION_FORMAT = dwarf;
				ENABLE_STRICT_OBJC_MSGSEND = YES;
				ENABLE_TESTABILITY = YES;
				ENABLE_USER_SCRIPT_SANDBOXING = YES;
				GCC_C_LANGUAGE_STANDARD = gnu17;
				GCC_DYNAMIC_NO_PIC = NO;
				GCC_NO_COMMON_BLOCKS = YES;
				GCC_OPTIMIZATION_LEVEL = 0;
				GCC_PREPROCESSOR_DEFINITIONS = (
					"DEBUG=1",
					"$(inherited)",
				);
				GCC_WARN_64_TO_32_BIT_CONVERSION = YES;
				GCC_WARN_ABOUT_RETURN_TYPE = YES_ERROR;
				GCC_WARN_UNDECLARED_SELECTOR = YES;
				GCC_WARN_UNINITIALIZED_AUTOS = YES_AGGRESSIVE;
				GCC_WARN_UNUSED_FUNCTION = YES;
				GCC_WARN_UNUSED_VARIABLE = YES;
				IPHONEOS_DEPLOYMENT_TARGET = 17.2;
				LOCALIZATION_PREFERS_STRING_CATALOGS = YES;
				MTL_ENABLE_DEBUG_INFO = INCLUDE_SOURCE;
				MTL_FAST_MATH = YES;
				ONLY_ACTIVE_ARCH = YES;
				SDKROOT = iphoneos;
				SWIFT_ACTIVE_COMPILATION_CONDITIONS = "DEBUG $(inherited)";
				SWIFT_OPTIMIZATION_LEVEL = "-Onone";
			};
			name = Debug;
		};
		217BCCD32B9DE5C400B5461B /* Release */ = {
			isa = XCBuildConfiguration;
			buildSettings = {
				ALWAYS_SEARCH_USER_PATHS = NO;
				ASSETCATALOG_COMPILER_GENERATE_SWIFT_ASSET_SYMBOL_EXTENSIONS = YES;
				CLANG_ANALYZER_NONNULL = YES;
				CLANG_ANALYZER_NUMBER_OBJECT_CONVERSION = YES_AGGRESSIVE;
				CLANG_CXX_LANGUAGE_STANDARD = "gnu++20";
				CLANG_ENABLE_MODULES = YES;
				CLANG_ENABLE_OBJC_ARC = YES;
				CLANG_ENABLE_OBJC_WEAK = YES;
				CLANG_WARN_BLOCK_CAPTURE_AUTORELEASING = YES;
				CLANG_WARN_BOOL_CONVERSION = YES;
				CLANG_WARN_COMMA = YES;
				CLANG_WARN_CONSTANT_CONVERSION = YES;
				CLANG_WARN_DEPRECATED_OBJC_IMPLEMENTATIONS = YES;
				CLANG_WARN_DIRECT_OBJC_ISA_USAGE = YES_ERROR;
				CLANG_WARN_DOCUMENTATION_COMMENTS = YES;
				CLANG_WARN_EMPTY_BODY = YES;
				CLANG_WARN_ENUM_CONVERSION = YES;
				CLANG_WARN_INFINITE_RECURSION = YES;
				CLANG_WARN_INT_CONVERSION = YES;
				CLANG_WARN_NON_LITERAL_NULL_CONVERSION = YES;
				CLANG_WARN_OBJC_IMPLICIT_RETAIN_SELF = YES;
				CLANG_WARN_OBJC_LITERAL_CONVERSION = YES;
				CLANG_WARN_OBJC_ROOT_CLASS = YES_ERROR;
				CLANG_WARN_QUOTED_INCLUDE_IN_FRAMEWORK_HEADER = YES;
				CLANG_WARN_RANGE_LOOP_ANALYSIS = YES;
				CLANG_WARN_STRICT_PROTOTYPES = YES;
				CLANG_WARN_SUSPICIOUS_MOVE = YES;
				CLANG_WARN_UNGUARDED_AVAILABILITY = YES_AGGRESSIVE;
				CLANG_WARN_UNREACHABLE_CODE = YES;
				CLANG_WARN__DUPLICATE_METHOD_MATCH = YES;
				COPY_PHASE_STRIP = NO;
				DEBUG_INFORMATION_FORMAT = "dwarf-with-dsym";
				ENABLE_NS_ASSERTIONS = NO;
				ENABLE_STRICT_OBJC_MSGSEND = YES;
				ENABLE_USER_SCRIPT_SANDBOXING = YES;
				GCC_C_LANGUAGE_STANDARD = gnu17;
				GCC_NO_COMMON_BLOCKS = YES;
				GCC_WARN_64_TO_32_BIT_CONVERSION = YES;
				GCC_WARN_ABOUT_RETURN_TYPE = YES_ERROR;
				GCC_WARN_UNDECLARED_SELECTOR = YES;
				GCC_WARN_UNINITIALIZED_AUTOS = YES_AGGRESSIVE;
				GCC_WARN_UNUSED_FUNCTION = YES;
				GCC_WARN_UNUSED_VARIABLE = YES;
				IPHONEOS_DEPLOYMENT_TARGET = 17.2;
				LOCALIZATION_PREFERS_STRING_CATALOGS = YES;
				MTL_ENABLE_DEBUG_INFO = NO;
				MTL_FAST_MATH = YES;
				SDKROOT = iphoneos;
				SWIFT_COMPILATION_MODE = wholemodule;
				VALIDATE_PRODUCT = YES;
			};
			name = Release;
		};
		217BCCD52B9DE5C400B5461B /* Debug */ = {
			isa = XCBuildConfiguration;
			buildSettings = {
				ASSETCATALOG_COMPILER_APPICON_NAME = AppIcon;
				ASSETCATALOG_COMPILER_GLOBAL_ACCENT_COLOR_NAME = AccentColor;
				CODE_SIGN_STYLE = Automatic;
				CURRENT_PROJECT_VERSION = 1;
				DEVELOPMENT_ASSET_PATHS = "\"kiwIT/Preview Content\"";
				DEVELOPMENT_TEAM = PSU86J5852;
				ENABLE_PREVIEWS = YES;
				GENERATE_INFOPLIST_FILE = YES;
				INFOPLIST_KEY_UIApplicationSceneManifest_Generation = YES;
				INFOPLIST_KEY_UIApplicationSupportsIndirectInputEvents = YES;
				INFOPLIST_KEY_UILaunchScreen_Generation = YES;
				INFOPLIST_KEY_UISupportedInterfaceOrientations_iPad = "UIInterfaceOrientationPortrait UIInterfaceOrientationPortraitUpsideDown UIInterfaceOrientationLandscapeLeft UIInterfaceOrientationLandscapeRight";
				INFOPLIST_KEY_UISupportedInterfaceOrientations_iPhone = "UIInterfaceOrientationPortrait UIInterfaceOrientationLandscapeLeft UIInterfaceOrientationLandscapeRight";
				LD_RUNPATH_SEARCH_PATHS = (
					"$(inherited)",
					"@executable_path/Frameworks",
				);
				MARKETING_VERSION = 1.0;
				PRODUCT_BUNDLE_IDENTIFIER = com.phillyh.kiwIT;
				PRODUCT_NAME = "$(TARGET_NAME)";
				SWIFT_EMIT_LOC_STRINGS = YES;
				SWIFT_VERSION = 5.0;
				TARGETED_DEVICE_FAMILY = "1,2";
			};
			name = Debug;
		};
		217BCCD62B9DE5C400B5461B /* Release */ = {
			isa = XCBuildConfiguration;
			buildSettings = {
				ASSETCATALOG_COMPILER_APPICON_NAME = AppIcon;
				ASSETCATALOG_COMPILER_GLOBAL_ACCENT_COLOR_NAME = AccentColor;
				CODE_SIGN_STYLE = Automatic;
				CURRENT_PROJECT_VERSION = 1;
				DEVELOPMENT_ASSET_PATHS = "\"kiwIT/Preview Content\"";
				DEVELOPMENT_TEAM = PSU86J5852;
				ENABLE_PREVIEWS = YES;
				GENERATE_INFOPLIST_FILE = YES;
				INFOPLIST_KEY_UIApplicationSceneManifest_Generation = YES;
				INFOPLIST_KEY_UIApplicationSupportsIndirectInputEvents = YES;
				INFOPLIST_KEY_UILaunchScreen_Generation = YES;
				INFOPLIST_KEY_UISupportedInterfaceOrientations_iPad = "UIInterfaceOrientationPortrait UIInterfaceOrientationPortraitUpsideDown UIInterfaceOrientationLandscapeLeft UIInterfaceOrientationLandscapeRight";
				INFOPLIST_KEY_UISupportedInterfaceOrientations_iPhone = "UIInterfaceOrientationPortrait UIInterfaceOrientationLandscapeLeft UIInterfaceOrientationLandscapeRight";
				LD_RUNPATH_SEARCH_PATHS = (
					"$(inherited)",
					"@executable_path/Frameworks",
				);
				MARKETING_VERSION = 1.0;
				PRODUCT_BUNDLE_IDENTIFIER = com.phillyh.kiwIT;
				PRODUCT_NAME = "$(TARGET_NAME)";
				SWIFT_EMIT_LOC_STRINGS = YES;
				SWIFT_VERSION = 5.0;
				TARGETED_DEVICE_FAMILY = "1,2";
			};
			name = Release;
		};
		217BCCD82B9DE5C400B5461B /* Debug */ = {
			isa = XCBuildConfiguration;
			buildSettings = {
				ALWAYS_EMBED_SWIFT_STANDARD_LIBRARIES = YES;
				BUNDLE_LOADER = "$(TEST_HOST)";
				CODE_SIGN_STYLE = Automatic;
				CURRENT_PROJECT_VERSION = 1;
				DEVELOPMENT_TEAM = PSU86J5852;
				GENERATE_INFOPLIST_FILE = YES;
				IPHONEOS_DEPLOYMENT_TARGET = 17.2;
				MARKETING_VERSION = 1.0;
				PRODUCT_BUNDLE_IDENTIFIER = com.phillyh.kiwITTests;
				PRODUCT_NAME = "$(TARGET_NAME)";
				SWIFT_EMIT_LOC_STRINGS = NO;
				SWIFT_VERSION = 5.0;
				TARGETED_DEVICE_FAMILY = "1,2";
				TEST_HOST = "$(BUILT_PRODUCTS_DIR)/kiwIT.app/$(BUNDLE_EXECUTABLE_FOLDER_PATH)/kiwIT";
			};
			name = Debug;
		};
		217BCCD92B9DE5C400B5461B /* Release */ = {
			isa = XCBuildConfiguration;
			buildSettings = {
				ALWAYS_EMBED_SWIFT_STANDARD_LIBRARIES = YES;
				BUNDLE_LOADER = "$(TEST_HOST)";
				CODE_SIGN_STYLE = Automatic;
				CURRENT_PROJECT_VERSION = 1;
				DEVELOPMENT_TEAM = PSU86J5852;
				GENERATE_INFOPLIST_FILE = YES;
				IPHONEOS_DEPLOYMENT_TARGET = 17.2;
				MARKETING_VERSION = 1.0;
				PRODUCT_BUNDLE_IDENTIFIER = com.phillyh.kiwITTests;
				PRODUCT_NAME = "$(TARGET_NAME)";
				SWIFT_EMIT_LOC_STRINGS = NO;
				SWIFT_VERSION = 5.0;
				TARGETED_DEVICE_FAMILY = "1,2";
				TEST_HOST = "$(BUILT_PRODUCTS_DIR)/kiwIT.app/$(BUNDLE_EXECUTABLE_FOLDER_PATH)/kiwIT";
			};
			name = Release;
		};
		217BCCDB2B9DE5C400B5461B /* Debug */ = {
			isa = XCBuildConfiguration;
			buildSettings = {
				ALWAYS_EMBED_SWIFT_STANDARD_LIBRARIES = YES;
				CODE_SIGN_STYLE = Automatic;
				CURRENT_PROJECT_VERSION = 1;
				DEVELOPMENT_TEAM = PSU86J5852;
				GENERATE_INFOPLIST_FILE = YES;
				MARKETING_VERSION = 1.0;
				PRODUCT_BUNDLE_IDENTIFIER = com.phillyh.kiwITUITests;
				PRODUCT_NAME = "$(TARGET_NAME)";
				SWIFT_EMIT_LOC_STRINGS = NO;
				SWIFT_VERSION = 5.0;
				TARGETED_DEVICE_FAMILY = "1,2";
				TEST_TARGET_NAME = kiwIT;
			};
			name = Debug;
		};
		217BCCDC2B9DE5C400B5461B /* Release */ = {
			isa = XCBuildConfiguration;
			buildSettings = {
				ALWAYS_EMBED_SWIFT_STANDARD_LIBRARIES = YES;
				CODE_SIGN_STYLE = Automatic;
				CURRENT_PROJECT_VERSION = 1;
				DEVELOPMENT_TEAM = PSU86J5852;
				GENERATE_INFOPLIST_FILE = YES;
				MARKETING_VERSION = 1.0;
				PRODUCT_BUNDLE_IDENTIFIER = com.phillyh.kiwITUITests;
				PRODUCT_NAME = "$(TARGET_NAME)";
				SWIFT_EMIT_LOC_STRINGS = NO;
				SWIFT_VERSION = 5.0;
				TARGETED_DEVICE_FAMILY = "1,2";
				TEST_TARGET_NAME = kiwIT;
			};
			name = Release;
		};
/* End XCBuildConfiguration section */

/* Begin XCConfigurationList section */
		217BCCAB2B9DE5C300B5461B /* Build configuration list for PBXProject "kiwIT" */ = {
			isa = XCConfigurationList;
			buildConfigurations = (
				217BCCD22B9DE5C400B5461B /* Debug */,
				217BCCD32B9DE5C400B5461B /* Release */,
			);
			defaultConfigurationIsVisible = 0;
			defaultConfigurationName = Release;
		};
		217BCCD42B9DE5C400B5461B /* Build configuration list for PBXNativeTarget "kiwIT" */ = {
			isa = XCConfigurationList;
			buildConfigurations = (
				217BCCD52B9DE5C400B5461B /* Debug */,
				217BCCD62B9DE5C400B5461B /* Release */,
			);
			defaultConfigurationIsVisible = 0;
			defaultConfigurationName = Release;
		};
		217BCCD72B9DE5C400B5461B /* Build configuration list for PBXNativeTarget "kiwITTests" */ = {
			isa = XCConfigurationList;
			buildConfigurations = (
				217BCCD82B9DE5C400B5461B /* Debug */,
				217BCCD92B9DE5C400B5461B /* Release */,
			);
			defaultConfigurationIsVisible = 0;
			defaultConfigurationName = Release;
		};
		217BCCDA2B9DE5C400B5461B /* Build configuration list for PBXNativeTarget "kiwITUITests" */ = {
			isa = XCConfigurationList;
			buildConfigurations = (
				217BCCDB2B9DE5C400B5461B /* Debug */,
				217BCCDC2B9DE5C400B5461B /* Release */,
			);
			defaultConfigurationIsVisible = 0;
			defaultConfigurationName = Release;
		};
/* End XCConfigurationList section */
	};
	rootObject = 217BCCA82B9DE5C300B5461B /* Project object */;
}
