// !$*UTF8*$!
{
	archiveVersion = 1;
	classes = {
	};
	objectVersion = 56;
	objects = {

/* Begin PBXBuildFile section */
		214282D02BD0FDE000EA3CC1 /* EquilateralTrapezoid.swift in Sources */ = {isa = PBXBuildFile; fileRef = 214282CF2BD0FDE000EA3CC1 /* EquilateralTrapezoid.swift */; };
		214282D32BD1023C00EA3CC1 /* CategoryItemUITest.swift in Sources */ = {isa = PBXBuildFile; fileRef = 214282D22BD1023C00EA3CC1 /* CategoryItemUITest.swift */; };
		2163D08A2BCFCA1800A42EBB /* ContentSectionItemView.swift in Sources */ = {isa = PBXBuildFile; fileRef = 2163D0892BCFCA1800A42EBB /* ContentSectionItemView.swift */; };
		2167FD4C2BC058E600A45F2B /* Setup+FontStrings.swift in Sources */ = {isa = PBXBuildFile; fileRef = 2167FD4B2BC058E600A45F2B /* Setup+FontStrings.swift */; };
		2167FD4E2BC0594C00A45F2B /* Galmuri11-Bold.ttf in Resources */ = {isa = PBXBuildFile; fileRef = 2167FD4D2BC0594C00A45F2B /* Galmuri11-Bold.ttf */; };
		216F5F892BAB2DD8008817B0 /* ContentImageView.swift in Sources */ = {isa = PBXBuildFile; fileRef = 216F5F882BAB2DD8008817B0 /* ContentImageView.swift */; };
		216F5F8B2BAB2F15008817B0 /* ContentTextView.swift in Sources */ = {isa = PBXBuildFile; fileRef = 216F5F8A2BAB2F15008817B0 /* ContentTextView.swift */; };
		216F5F8F2BAB302C008817B0 /* NetworkManager.swift in Sources */ = {isa = PBXBuildFile; fileRef = 216F5F8E2BAB302C008817B0 /* NetworkManager.swift */; };
		2170E7462BBAF00A002A1DA6 /* KakaoSDK in Frameworks */ = {isa = PBXBuildFile; productRef = 2170E7452BBAF00A002A1DA6 /* KakaoSDK */; };
		2170E7482BBAF00A002A1DA6 /* KakaoSDKAuth in Frameworks */ = {isa = PBXBuildFile; productRef = 2170E7472BBAF00A002A1DA6 /* KakaoSDKAuth */; };
		2170E74A2BBAF00A002A1DA6 /* KakaoSDKUser in Frameworks */ = {isa = PBXBuildFile; productRef = 2170E7492BBAF00A002A1DA6 /* KakaoSDKUser */; };
		2170E74D2BBAF03C002A1DA6 /* Alamofire in Frameworks */ = {isa = PBXBuildFile; productRef = 2170E74C2BBAF03C002A1DA6 /* Alamofire */; };
		2170E74F2BBAF043002A1DA6 /* KakaoSDK in Frameworks */ = {isa = PBXBuildFile; productRef = 2170E74E2BBAF043002A1DA6 /* KakaoSDK */; };
		2170E7512BBAF046002A1DA6 /* KakaoSDKAuth in Frameworks */ = {isa = PBXBuildFile; productRef = 2170E7502BBAF046002A1DA6 /* KakaoSDKAuth */; };
		2170E7532BBAF04B002A1DA6 /* KakaoSDKUser in Frameworks */ = {isa = PBXBuildFile; productRef = 2170E7522BBAF04B002A1DA6 /* KakaoSDKUser */; };
		2170E7552BBC6873002A1DA6 /* Setup+Color.swift in Sources */ = {isa = PBXBuildFile; fileRef = 2170E7542BBC6873002A1DA6 /* Setup+Color.swift */; };
		2170E7572BBC6DD7002A1DA6 /* ActiveButtonView.swift in Sources */ = {isa = PBXBuildFile; fileRef = 2170E7562BBC6DD7002A1DA6 /* ActiveButtonView.swift */; };
		2173C04A2BA0901600FDD3D9 /* SocialLoginView.swift in Sources */ = {isa = PBXBuildFile; fileRef = 2173C0492BA0901600FDD3D9 /* SocialLoginView.swift */; };
		2173C04C2BA0902000FDD3D9 /* SignUpInfoView.swift in Sources */ = {isa = PBXBuildFile; fileRef = 2173C04B2BA0902000FDD3D9 /* SignUpInfoView.swift */; };
		2173C0552BA090F200FDD3D9 /* SocialLoginViewModel.swift in Sources */ = {isa = PBXBuildFile; fileRef = 2173C0542BA090F200FDD3D9 /* SocialLoginViewModel.swift */; };
		2173C0562BA090F700FDD3D9 /* SocialLoginViewModel.swift in Sources */ = {isa = PBXBuildFile; fileRef = 2173C0542BA090F200FDD3D9 /* SocialLoginViewModel.swift */; };
		2173C0582BA0917100FDD3D9 /* UserDefaultsManager.swift in Sources */ = {isa = PBXBuildFile; fileRef = 2173C0572BA0917100FDD3D9 /* UserDefaultsManager.swift */; };
		2173C05B2BA0921200FDD3D9 /* UserDefaultsManager.swift in Sources */ = {isa = PBXBuildFile; fileRef = 2173C0572BA0917100FDD3D9 /* UserDefaultsManager.swift */; };
		2173C05E2BA0924300FDD3D9 /* SocialLoginViewModelUnitTest.swift in Sources */ = {isa = PBXBuildFile; fileRef = 2173C05D2BA0924300FDD3D9 /* SocialLoginViewModelUnitTest.swift */; };
		2173C0602BA0927200FDD3D9 /* UserDefaultsTest.swift in Sources */ = {isa = PBXBuildFile; fileRef = 2173C05F2BA0927200FDD3D9 /* UserDefaultsTest.swift */; };
		2173C0622BA093A100FDD3D9 /* Error+UserDefaultsManager.swift in Sources */ = {isa = PBXBuildFile; fileRef = 2173C0612BA093A100FDD3D9 /* Error+UserDefaultsManager.swift */; };
		2173C0632BA0953B00FDD3D9 /* Error+UserDefaultsManager.swift in Sources */ = {isa = PBXBuildFile; fileRef = 2173C0612BA093A100FDD3D9 /* Error+UserDefaultsManager.swift */; };
		2173C0652BA0971B00FDD3D9 /* Setup+UserDefaultsStrings.swift in Sources */ = {isa = PBXBuildFile; fileRef = 2173C0642BA0971B00FDD3D9 /* Setup+UserDefaultsStrings.swift */; };
		2173C0662BA0977700FDD3D9 /* Setup+UserDefaultsStrings.swift in Sources */ = {isa = PBXBuildFile; fileRef = 2173C0642BA0971B00FDD3D9 /* Setup+UserDefaultsStrings.swift */; };
		2173C0692BA0A18000FDD3D9 /* HomeViewModel.swift in Sources */ = {isa = PBXBuildFile; fileRef = 2173C0682BA0A18000FDD3D9 /* HomeViewModel.swift */; };
		2173C06B2BA0A1BA00FDD3D9 /* LectureListViewModel.swift in Sources */ = {isa = PBXBuildFile; fileRef = 2173C06A2BA0A1BA00FDD3D9 /* LectureListViewModel.swift */; };
		2173C08B2BA0A55C00FDD3D9 /* HomeViewModel.swift in Sources */ = {isa = PBXBuildFile; fileRef = 2173C0682BA0A18000FDD3D9 /* HomeViewModel.swift */; };
		2173C08C2BA0A56500FDD3D9 /* LectureListViewModel.swift in Sources */ = {isa = PBXBuildFile; fileRef = 2173C06A2BA0A1BA00FDD3D9 /* LectureListViewModel.swift */; };
		2175BE7F2BDFD4680048FBEB /* AuthManager.swift in Sources */ = {isa = PBXBuildFile; fileRef = 2175BE7E2BDFD4680048FBEB /* AuthManager.swift */; };
		2175BE862BDFDA700048FBEB /* Setup+NetworkErrorMessageStrings.swift in Sources */ = {isa = PBXBuildFile; fileRef = 2175BE852BDFDA700048FBEB /* Setup+NetworkErrorMessageStrings.swift */; };
		217801F82BB060CE004A7226 /* Setup+NetworkStrings.swift in Sources */ = {isa = PBXBuildFile; fileRef = 217801F72BB060CE004A7226 /* Setup+NetworkStrings.swift */; };
		217A51382BAECB3F0052A07E /* Alamofire in Frameworks */ = {isa = PBXBuildFile; productRef = 217A51372BAECB3F0052A07E /* Alamofire */; };
		217A513B2BAECB800052A07E /* Router.swift in Sources */ = {isa = PBXBuildFile; fileRef = 217A513A2BAECB800052A07E /* Router.swift */; };
		217A513D2BAECBB70052A07E /* Error+Network.swift in Sources */ = {isa = PBXBuildFile; fileRef = 217A513C2BAECBB70052A07E /* Error+Network.swift */; };
		217A513F2BAECD350052A07E /* SignUp.swift in Sources */ = {isa = PBXBuildFile; fileRef = 217A513E2BAECD350052A07E /* SignUp.swift */; };
		217A51432BAECD5D0052A07E /* SignIn.swift in Sources */ = {isa = PBXBuildFile; fileRef = 217A51422BAECD5D0052A07E /* SignIn.swift */; };
		217A51462BAECDE50052A07E /* Type.swift in Sources */ = {isa = PBXBuildFile; fileRef = 217A51452BAECDE50052A07E /* Type.swift */; };
		217A514A2BAED0800052A07E /* RefreshAccessToken.swift in Sources */ = {isa = PBXBuildFile; fileRef = 217A51492BAED0800052A07E /* RefreshAccessToken.swift */; };
		217A514E2BAED1880052A07E /* Setup+NetworkEndPointStrings.swift in Sources */ = {isa = PBXBuildFile; fileRef = 217A514D2BAED1880052A07E /* Setup+NetworkEndPointStrings.swift */; };
		217B53132BA2EBA90081D418 /* Setup+ContentStrings.swift in Sources */ = {isa = PBXBuildFile; fileRef = 217B53122BA2EBA90081D418 /* Setup+ContentStrings.swift */; };
		217B53152BA2EDE70081D418 /* SocialLoginButtonView.swift in Sources */ = {isa = PBXBuildFile; fileRef = 217B53142BA2EDE70081D418 /* SocialLoginButtonView.swift */; };
		217BCCB42B9DE5C300B5461B /* kiwITApp.swift in Sources */ = {isa = PBXBuildFile; fileRef = 217BCCB32B9DE5C300B5461B /* kiwITApp.swift */; };
		217BCCB62B9DE5C300B5461B /* MainTabBarView.swift in Sources */ = {isa = PBXBuildFile; fileRef = 217BCCB52B9DE5C300B5461B /* MainTabBarView.swift */; };
		217BCCB82B9DE5C400B5461B /* Assets.xcassets in Resources */ = {isa = PBXBuildFile; fileRef = 217BCCB72B9DE5C400B5461B /* Assets.xcassets */; };
		217BCCBB2B9DE5C400B5461B /* Preview Assets.xcassets in Resources */ = {isa = PBXBuildFile; fileRef = 217BCCBA2B9DE5C400B5461B /* Preview Assets.xcassets */; };
		217BCCC52B9DE5C400B5461B /* LectureViewModelUnitTest.swift in Sources */ = {isa = PBXBuildFile; fileRef = 217BCCC42B9DE5C400B5461B /* LectureViewModelUnitTest.swift */; };
		217BCCCF2B9DE5C400B5461B /* kiwITUITests.swift in Sources */ = {isa = PBXBuildFile; fileRef = 217BCCCE2B9DE5C400B5461B /* kiwITUITests.swift */; };
		217BCCD12B9DE5C400B5461B /* kiwITUITestsLaunchTests.swift in Sources */ = {isa = PBXBuildFile; fileRef = 217BCCD02B9DE5C400B5461B /* kiwITUITestsLaunchTests.swift */; };
		217BCCDE2B9DE6CD00B5461B /* .gitignore in Resources */ = {isa = PBXBuildFile; fileRef = 217BCCDD2B9DE6CD00B5461B /* .gitignore */; };
		217BCCE02B9DE84100B5461B /* APIKey.swift in Sources */ = {isa = PBXBuildFile; fileRef = 217BCCDF2B9DE84100B5461B /* APIKey.swift */; };
		217D593F2BA9C208005AE418 /* LectureViewModel.swift in Sources */ = {isa = PBXBuildFile; fileRef = 217D593E2BA9C208005AE418 /* LectureViewModel.swift */; };
		217D59432BA9C22C005AE418 /* LectureView.swift in Sources */ = {isa = PBXBuildFile; fileRef = 217D59422BA9C22C005AE418 /* LectureView.swift */; };
		217D59452BA9C700005AE418 /* LectureCategoryListView.swift in Sources */ = {isa = PBXBuildFile; fileRef = 217D59442BA9C700005AE418 /* LectureCategoryListView.swift */; };
		217D59472BA9C713005AE418 /* LectureCategoryListViewModel.swift in Sources */ = {isa = PBXBuildFile; fileRef = 217D59462BA9C712005AE418 /* LectureCategoryListViewModel.swift */; };
		217E55A02BB162000014B46E /* Trophy.swift in Sources */ = {isa = PBXBuildFile; fileRef = 217E559F2BB162000014B46E /* Trophy.swift */; };
		217E55A42BB16CB00014B46E /* Profile.swift in Sources */ = {isa = PBXBuildFile; fileRef = 217E55A32BB16CB00014B46E /* Profile.swift */; };
		217E55A62BB1BA2D0014B46E /* Authorization.swift in Sources */ = {isa = PBXBuildFile; fileRef = 217E55A52BB1BA2D0014B46E /* Authorization.swift */; };
		21816AA92BC5856D007E6FD6 /* LINESeedKR-Rg.ttf in Resources */ = {isa = PBXBuildFile; fileRef = 21816AA62BC5856D007E6FD6 /* LINESeedKR-Rg.ttf */; };
		21816AAA2BC5856D007E6FD6 /* LINESeedKR-Bd.ttf in Resources */ = {isa = PBXBuildFile; fileRef = 21816AA72BC5856D007E6FD6 /* LINESeedKR-Bd.ttf */; };
		21816AAB2BC5856D007E6FD6 /* LINESeedKR-Th.ttf in Resources */ = {isa = PBXBuildFile; fileRef = 21816AA82BC5856D007E6FD6 /* LINESeedKR-Th.ttf */; };
		21816AB42BC58585007E6FD6 /* Phudu-Black.ttf in Resources */ = {isa = PBXBuildFile; fileRef = 21816AAC2BC58585007E6FD6 /* Phudu-Black.ttf */; };
		21816AB52BC58585007E6FD6 /* Phudu-Medium.ttf in Resources */ = {isa = PBXBuildFile; fileRef = 21816AAD2BC58585007E6FD6 /* Phudu-Medium.ttf */; };
		21816AB62BC58585007E6FD6 /* Phudu-Light.ttf in Resources */ = {isa = PBXBuildFile; fileRef = 21816AAE2BC58585007E6FD6 /* Phudu-Light.ttf */; };
		21816AB72BC58585007E6FD6 /* Phudu-Regular.ttf in Resources */ = {isa = PBXBuildFile; fileRef = 21816AAF2BC58585007E6FD6 /* Phudu-Regular.ttf */; };
		21816AB82BC58585007E6FD6 /* Phudu-ExtraBold.ttf in Resources */ = {isa = PBXBuildFile; fileRef = 21816AB02BC58585007E6FD6 /* Phudu-ExtraBold.ttf */; };
		21816AB92BC58585007E6FD6 /* Phudu-Bold.ttf in Resources */ = {isa = PBXBuildFile; fileRef = 21816AB12BC58585007E6FD6 /* Phudu-Bold.ttf */; };
		21816ABA2BC58585007E6FD6 /* Phudu-SemiBold.ttf in Resources */ = {isa = PBXBuildFile; fileRef = 21816AB22BC58585007E6FD6 /* Phudu-SemiBold.ttf */; };
		21816ABE2BC81BE5007E6FD6 /* ContentSectionTitleView.swift in Sources */ = {isa = PBXBuildFile; fileRef = 21816ABD2BC81BE5007E6FD6 /* ContentSectionTitleView.swift */; };
		21816ACA2BC81DB9007E6FD6 /* NotoSansKR-ExtraLight.ttf in Resources */ = {isa = PBXBuildFile; fileRef = 21816AC12BC81DB8007E6FD6 /* NotoSansKR-ExtraLight.ttf */; };
		21816ACB2BC81DB9007E6FD6 /* NotoSansKR-Black.ttf in Resources */ = {isa = PBXBuildFile; fileRef = 21816AC22BC81DB8007E6FD6 /* NotoSansKR-Black.ttf */; };
		21816ACC2BC81DB9007E6FD6 /* NotoSansKR-ExtraBold.ttf in Resources */ = {isa = PBXBuildFile; fileRef = 21816AC32BC81DB8007E6FD6 /* NotoSansKR-ExtraBold.ttf */; };
		21816ACD2BC81DB9007E6FD6 /* NotoSansKR-Regular.ttf in Resources */ = {isa = PBXBuildFile; fileRef = 21816AC42BC81DB8007E6FD6 /* NotoSansKR-Regular.ttf */; };
		21816ACE2BC81DB9007E6FD6 /* NotoSansKR-Medium.ttf in Resources */ = {isa = PBXBuildFile; fileRef = 21816AC52BC81DB8007E6FD6 /* NotoSansKR-Medium.ttf */; };
		21816ACF2BC81DB9007E6FD6 /* NotoSansKR-Light.ttf in Resources */ = {isa = PBXBuildFile; fileRef = 21816AC62BC81DB8007E6FD6 /* NotoSansKR-Light.ttf */; };
		21816AD02BC81DB9007E6FD6 /* NotoSansKR-Thin.ttf in Resources */ = {isa = PBXBuildFile; fileRef = 21816AC72BC81DB8007E6FD6 /* NotoSansKR-Thin.ttf */; };
		21816AD12BC81DB9007E6FD6 /* NotoSansKR-SemiBold.ttf in Resources */ = {isa = PBXBuildFile; fileRef = 21816AC82BC81DB8007E6FD6 /* NotoSansKR-SemiBold.ttf */; };
		21816AD22BC81DB9007E6FD6 /* NotoSansKR-Bold.ttf in Resources */ = {isa = PBXBuildFile; fileRef = 21816AC92BC81DB8007E6FD6 /* NotoSansKR-Bold.ttf */; };
		21816AD42BC82568007E6FD6 /* ContentCategoryItemView.swift in Sources */ = {isa = PBXBuildFile; fileRef = 21816AD32BC82568007E6FD6 /* ContentCategoryItemView.swift */; };
		21816AD92BC82DCB007E6FD6 /* ExpandedImageView.swift in Sources */ = {isa = PBXBuildFile; fileRef = 21816AD82BC82DCB007E6FD6 /* ExpandedImageView.swift */; };
		21816ADC2BC83BBE007E6FD6 /* ContentExpandableChapterItemView.swift in Sources */ = {isa = PBXBuildFile; fileRef = 21816ADB2BC83BBE007E6FD6 /* ContentExpandableChapterItemView.swift */; };
		218267652BE6808200D8C17C /* QuizListViewModel.swift in Sources */ = {isa = PBXBuildFile; fileRef = 218267642BE6808200D8C17C /* QuizListViewModel.swift */; };
		218267672BE6809300D8C17C /* QuizView.swift in Sources */ = {isa = PBXBuildFile; fileRef = 218267662BE6809300D8C17C /* QuizView.swift */; };
		2182676A2BE680A300D8C17C /* QuizViewModel.swift in Sources */ = {isa = PBXBuildFile; fileRef = 218267692BE680A300D8C17C /* QuizViewModel.swift */; };
		2182676C2BE6831C00D8C17C /* QuizListItemView.swift in Sources */ = {isa = PBXBuildFile; fileRef = 2182676B2BE6831C00D8C17C /* QuizListItemView.swift */; };
		218267712BE68A5C00D8C17C /* QuizResultView.swift in Sources */ = {isa = PBXBuildFile; fileRef = 218267702BE68A5C00D8C17C /* QuizResultView.swift */; };
		218267742BE68A6F00D8C17C /* QuizResultViewModel.swift in Sources */ = {isa = PBXBuildFile; fileRef = 218267732BE68A6F00D8C17C /* QuizResultViewModel.swift */; };
		218267762BE68A8500D8C17C /* QuizResultDetailView.swift in Sources */ = {isa = PBXBuildFile; fileRef = 218267752BE68A8500D8C17C /* QuizResultDetailView.swift */; };
		218323862BEA6E1600FB79B5 /* QuizContentItem.swift in Sources */ = {isa = PBXBuildFile; fileRef = 218323852BEA6E1600FB79B5 /* QuizContentItem.swift */; };
		219EFBBB2B9F068200FBEBE0 /* HomeView.swift in Sources */ = {isa = PBXBuildFile; fileRef = 219EFBBA2B9F068200FBEBE0 /* HomeView.swift */; };
		219EFBBD2B9F068E00FBEBE0 /* LectureListView.swift in Sources */ = {isa = PBXBuildFile; fileRef = 219EFBBC2B9F068E00FBEBE0 /* LectureListView.swift */; };
		219EFBBF2B9F069600FBEBE0 /* QuizListView.swift in Sources */ = {isa = PBXBuildFile; fileRef = 219EFBBE2B9F069600FBEBE0 /* QuizListView.swift */; };
		219EFBC12B9F069F00FBEBE0 /* AIInterviewView.swift in Sources */ = {isa = PBXBuildFile; fileRef = 219EFBC02B9F069F00FBEBE0 /* AIInterviewView.swift */; };
		219EFBC32B9F06C300FBEBE0 /* ProfileView.swift in Sources */ = {isa = PBXBuildFile; fileRef = 219EFBC22B9F06C300FBEBE0 /* ProfileView.swift */; };
		219EFBC52B9F0A4C00FBEBE0 /* Setup+ImageStrings.swift in Sources */ = {isa = PBXBuildFile; fileRef = 219EFBC42B9F0A4C00FBEBE0 /* Setup+ImageStrings.swift */; };
		219EFBD02B9F145900FBEBE0 /* Setup+Frame.swift in Sources */ = {isa = PBXBuildFile; fileRef = 219EFBCF2B9F145900FBEBE0 /* Setup+Frame.swift */; };
		219EFBD32B9F4DE200FBEBE0 /* HomeViewModelUnitTest.swift in Sources */ = {isa = PBXBuildFile; fileRef = 219EFBD22B9F4DE200FBEBE0 /* HomeViewModelUnitTest.swift */; };
/* End PBXBuildFile section */

/* Begin PBXContainerItemProxy section */
		217BCCC12B9DE5C400B5461B /* PBXContainerItemProxy */ = {
			isa = PBXContainerItemProxy;
			containerPortal = 217BCCA82B9DE5C300B5461B /* Project object */;
			proxyType = 1;
			remoteGlobalIDString = 217BCCAF2B9DE5C300B5461B;
			remoteInfo = kiwIT;
		};
		217BCCCB2B9DE5C400B5461B /* PBXContainerItemProxy */ = {
			isa = PBXContainerItemProxy;
			containerPortal = 217BCCA82B9DE5C300B5461B /* Project object */;
			proxyType = 1;
			remoteGlobalIDString = 217BCCAF2B9DE5C300B5461B;
			remoteInfo = kiwIT;
		};
/* End PBXContainerItemProxy section */

/* Begin PBXFileReference section */
		214282CF2BD0FDE000EA3CC1 /* EquilateralTrapezoid.swift */ = {isa = PBXFileReference; lastKnownFileType = sourcecode.swift; path = EquilateralTrapezoid.swift; sourceTree = "<group>"; };
		214282D22BD1023C00EA3CC1 /* CategoryItemUITest.swift */ = {isa = PBXFileReference; lastKnownFileType = sourcecode.swift; path = CategoryItemUITest.swift; sourceTree = "<group>"; };
		2163D0892BCFCA1800A42EBB /* ContentSectionItemView.swift */ = {isa = PBXFileReference; lastKnownFileType = sourcecode.swift; path = ContentSectionItemView.swift; sourceTree = "<group>"; };
		2167FD4A2BC04FDF00A45F2B /* Info.plist */ = {isa = PBXFileReference; lastKnownFileType = text.plist; path = Info.plist; sourceTree = "<group>"; };
		2167FD4B2BC058E600A45F2B /* Setup+FontStrings.swift */ = {isa = PBXFileReference; lastKnownFileType = sourcecode.swift; path = "Setup+FontStrings.swift"; sourceTree = "<group>"; };
		2167FD4D2BC0594C00A45F2B /* Galmuri11-Bold.ttf */ = {isa = PBXFileReference; lastKnownFileType = file; path = "Galmuri11-Bold.ttf"; sourceTree = "<group>"; };
		216F5F882BAB2DD8008817B0 /* ContentImageView.swift */ = {isa = PBXFileReference; lastKnownFileType = sourcecode.swift; path = ContentImageView.swift; sourceTree = "<group>"; };
		216F5F8A2BAB2F15008817B0 /* ContentTextView.swift */ = {isa = PBXFileReference; lastKnownFileType = sourcecode.swift; path = ContentTextView.swift; sourceTree = "<group>"; };
		216F5F8E2BAB302C008817B0 /* NetworkManager.swift */ = {isa = PBXFileReference; lastKnownFileType = sourcecode.swift; path = NetworkManager.swift; sourceTree = "<group>"; };
		2170E7542BBC6873002A1DA6 /* Setup+Color.swift */ = {isa = PBXFileReference; lastKnownFileType = sourcecode.swift; path = "Setup+Color.swift"; sourceTree = "<group>"; };
		2170E7562BBC6DD7002A1DA6 /* ActiveButtonView.swift */ = {isa = PBXFileReference; lastKnownFileType = sourcecode.swift; path = ActiveButtonView.swift; sourceTree = "<group>"; };
		2173C0492BA0901600FDD3D9 /* SocialLoginView.swift */ = {isa = PBXFileReference; lastKnownFileType = sourcecode.swift; path = SocialLoginView.swift; sourceTree = "<group>"; };
		2173C04B2BA0902000FDD3D9 /* SignUpInfoView.swift */ = {isa = PBXFileReference; lastKnownFileType = sourcecode.swift; path = SignUpInfoView.swift; sourceTree = "<group>"; };
		2173C0542BA090F200FDD3D9 /* SocialLoginViewModel.swift */ = {isa = PBXFileReference; lastKnownFileType = sourcecode.swift; path = SocialLoginViewModel.swift; sourceTree = "<group>"; };
		2173C0572BA0917100FDD3D9 /* UserDefaultsManager.swift */ = {isa = PBXFileReference; lastKnownFileType = sourcecode.swift; path = UserDefaultsManager.swift; sourceTree = "<group>"; };
		2173C05D2BA0924300FDD3D9 /* SocialLoginViewModelUnitTest.swift */ = {isa = PBXFileReference; lastKnownFileType = sourcecode.swift; path = SocialLoginViewModelUnitTest.swift; sourceTree = "<group>"; };
		2173C05F2BA0927200FDD3D9 /* UserDefaultsTest.swift */ = {isa = PBXFileReference; lastKnownFileType = sourcecode.swift; path = UserDefaultsTest.swift; sourceTree = "<group>"; };
		2173C0612BA093A100FDD3D9 /* Error+UserDefaultsManager.swift */ = {isa = PBXFileReference; lastKnownFileType = sourcecode.swift; path = "Error+UserDefaultsManager.swift"; sourceTree = "<group>"; };
		2173C0642BA0971B00FDD3D9 /* Setup+UserDefaultsStrings.swift */ = {isa = PBXFileReference; lastKnownFileType = sourcecode.swift; path = "Setup+UserDefaultsStrings.swift"; sourceTree = "<group>"; };
		2173C0682BA0A18000FDD3D9 /* HomeViewModel.swift */ = {isa = PBXFileReference; lastKnownFileType = sourcecode.swift; path = HomeViewModel.swift; sourceTree = "<group>"; };
		2173C06A2BA0A1BA00FDD3D9 /* LectureListViewModel.swift */ = {isa = PBXFileReference; lastKnownFileType = sourcecode.swift; path = LectureListViewModel.swift; sourceTree = "<group>"; };
		2175BE7E2BDFD4680048FBEB /* AuthManager.swift */ = {isa = PBXFileReference; lastKnownFileType = sourcecode.swift; path = AuthManager.swift; sourceTree = "<group>"; };
		2175BE852BDFDA700048FBEB /* Setup+NetworkErrorMessageStrings.swift */ = {isa = PBXFileReference; lastKnownFileType = sourcecode.swift; path = "Setup+NetworkErrorMessageStrings.swift"; sourceTree = "<group>"; };
		217801F72BB060CE004A7226 /* Setup+NetworkStrings.swift */ = {isa = PBXFileReference; lastKnownFileType = sourcecode.swift; path = "Setup+NetworkStrings.swift"; sourceTree = "<group>"; };
		217A513A2BAECB800052A07E /* Router.swift */ = {isa = PBXFileReference; lastKnownFileType = sourcecode.swift; path = Router.swift; sourceTree = "<group>"; };
		217A513C2BAECBB70052A07E /* Error+Network.swift */ = {isa = PBXFileReference; lastKnownFileType = sourcecode.swift; path = "Error+Network.swift"; sourceTree = "<group>"; };
		217A513E2BAECD350052A07E /* SignUp.swift */ = {isa = PBXFileReference; lastKnownFileType = sourcecode.swift; path = SignUp.swift; sourceTree = "<group>"; };
		217A51422BAECD5D0052A07E /* SignIn.swift */ = {isa = PBXFileReference; lastKnownFileType = sourcecode.swift; path = SignIn.swift; sourceTree = "<group>"; };
		217A51452BAECDE50052A07E /* Type.swift */ = {isa = PBXFileReference; lastKnownFileType = sourcecode.swift; path = Type.swift; sourceTree = "<group>"; };
		217A51492BAED0800052A07E /* RefreshAccessToken.swift */ = {isa = PBXFileReference; lastKnownFileType = sourcecode.swift; path = RefreshAccessToken.swift; sourceTree = "<group>"; };
		217A514D2BAED1880052A07E /* Setup+NetworkEndPointStrings.swift */ = {isa = PBXFileReference; lastKnownFileType = sourcecode.swift; path = "Setup+NetworkEndPointStrings.swift"; sourceTree = "<group>"; };
		217B53122BA2EBA90081D418 /* Setup+ContentStrings.swift */ = {isa = PBXFileReference; lastKnownFileType = sourcecode.swift; path = "Setup+ContentStrings.swift"; sourceTree = "<group>"; };
		217B53142BA2EDE70081D418 /* SocialLoginButtonView.swift */ = {isa = PBXFileReference; lastKnownFileType = sourcecode.swift; path = SocialLoginButtonView.swift; sourceTree = "<group>"; };
		217BCCB02B9DE5C300B5461B /* kiwIT.app */ = {isa = PBXFileReference; explicitFileType = wrapper.application; includeInIndex = 0; path = kiwIT.app; sourceTree = BUILT_PRODUCTS_DIR; };
		217BCCB32B9DE5C300B5461B /* kiwITApp.swift */ = {isa = PBXFileReference; lastKnownFileType = sourcecode.swift; path = kiwITApp.swift; sourceTree = "<group>"; };
		217BCCB52B9DE5C300B5461B /* MainTabBarView.swift */ = {isa = PBXFileReference; lastKnownFileType = sourcecode.swift; path = MainTabBarView.swift; sourceTree = "<group>"; };
		217BCCB72B9DE5C400B5461B /* Assets.xcassets */ = {isa = PBXFileReference; lastKnownFileType = folder.assetcatalog; path = Assets.xcassets; sourceTree = "<group>"; };
		217BCCBA2B9DE5C400B5461B /* Preview Assets.xcassets */ = {isa = PBXFileReference; lastKnownFileType = folder.assetcatalog; path = "Preview Assets.xcassets"; sourceTree = "<group>"; };
		217BCCC02B9DE5C400B5461B /* kiwITTests.xctest */ = {isa = PBXFileReference; explicitFileType = wrapper.cfbundle; includeInIndex = 0; path = kiwITTests.xctest; sourceTree = BUILT_PRODUCTS_DIR; };
		217BCCC42B9DE5C400B5461B /* LectureViewModelUnitTest.swift */ = {isa = PBXFileReference; lastKnownFileType = sourcecode.swift; path = LectureViewModelUnitTest.swift; sourceTree = "<group>"; };
		217BCCCA2B9DE5C400B5461B /* kiwITUITests.xctest */ = {isa = PBXFileReference; explicitFileType = wrapper.cfbundle; includeInIndex = 0; path = kiwITUITests.xctest; sourceTree = BUILT_PRODUCTS_DIR; };
		217BCCCE2B9DE5C400B5461B /* kiwITUITests.swift */ = {isa = PBXFileReference; lastKnownFileType = sourcecode.swift; path = kiwITUITests.swift; sourceTree = "<group>"; };
		217BCCD02B9DE5C400B5461B /* kiwITUITestsLaunchTests.swift */ = {isa = PBXFileReference; lastKnownFileType = sourcecode.swift; path = kiwITUITestsLaunchTests.swift; sourceTree = "<group>"; };
		217BCCDD2B9DE6CD00B5461B /* .gitignore */ = {isa = PBXFileReference; lastKnownFileType = text; path = .gitignore; sourceTree = "<group>"; };
		217BCCDF2B9DE84100B5461B /* APIKey.swift */ = {isa = PBXFileReference; lastKnownFileType = sourcecode.swift; path = APIKey.swift; sourceTree = "<group>"; };
		217D593E2BA9C208005AE418 /* LectureViewModel.swift */ = {isa = PBXFileReference; lastKnownFileType = sourcecode.swift; path = LectureViewModel.swift; sourceTree = "<group>"; };
		217D59422BA9C22C005AE418 /* LectureView.swift */ = {isa = PBXFileReference; lastKnownFileType = sourcecode.swift; path = LectureView.swift; sourceTree = "<group>"; };
		217D59442BA9C700005AE418 /* LectureCategoryListView.swift */ = {isa = PBXFileReference; lastKnownFileType = sourcecode.swift; path = LectureCategoryListView.swift; sourceTree = "<group>"; };
		217D59462BA9C712005AE418 /* LectureCategoryListViewModel.swift */ = {isa = PBXFileReference; lastKnownFileType = sourcecode.swift; path = LectureCategoryListViewModel.swift; sourceTree = "<group>"; };
		217E559F2BB162000014B46E /* Trophy.swift */ = {isa = PBXFileReference; lastKnownFileType = sourcecode.swift; path = Trophy.swift; sourceTree = "<group>"; };
		217E55A32BB16CB00014B46E /* Profile.swift */ = {isa = PBXFileReference; lastKnownFileType = sourcecode.swift; path = Profile.swift; sourceTree = "<group>"; };
		217E55A52BB1BA2D0014B46E /* Authorization.swift */ = {isa = PBXFileReference; lastKnownFileType = sourcecode.swift; path = Authorization.swift; sourceTree = "<group>"; };
		21816AA62BC5856D007E6FD6 /* LINESeedKR-Rg.ttf */ = {isa = PBXFileReference; lastKnownFileType = file; path = "LINESeedKR-Rg.ttf"; sourceTree = "<group>"; };
		21816AA72BC5856D007E6FD6 /* LINESeedKR-Bd.ttf */ = {isa = PBXFileReference; lastKnownFileType = file; path = "LINESeedKR-Bd.ttf"; sourceTree = "<group>"; };
		21816AA82BC5856D007E6FD6 /* LINESeedKR-Th.ttf */ = {isa = PBXFileReference; lastKnownFileType = file; path = "LINESeedKR-Th.ttf"; sourceTree = "<group>"; };
		21816AAC2BC58585007E6FD6 /* Phudu-Black.ttf */ = {isa = PBXFileReference; lastKnownFileType = file; path = "Phudu-Black.ttf"; sourceTree = "<group>"; };
		21816AAD2BC58585007E6FD6 /* Phudu-Medium.ttf */ = {isa = PBXFileReference; lastKnownFileType = file; path = "Phudu-Medium.ttf"; sourceTree = "<group>"; };
		21816AAE2BC58585007E6FD6 /* Phudu-Light.ttf */ = {isa = PBXFileReference; lastKnownFileType = file; path = "Phudu-Light.ttf"; sourceTree = "<group>"; };
		21816AAF2BC58585007E6FD6 /* Phudu-Regular.ttf */ = {isa = PBXFileReference; lastKnownFileType = file; path = "Phudu-Regular.ttf"; sourceTree = "<group>"; };
		21816AB02BC58585007E6FD6 /* Phudu-ExtraBold.ttf */ = {isa = PBXFileReference; lastKnownFileType = file; path = "Phudu-ExtraBold.ttf"; sourceTree = "<group>"; };
		21816AB12BC58585007E6FD6 /* Phudu-Bold.ttf */ = {isa = PBXFileReference; lastKnownFileType = file; path = "Phudu-Bold.ttf"; sourceTree = "<group>"; };
		21816AB22BC58585007E6FD6 /* Phudu-SemiBold.ttf */ = {isa = PBXFileReference; lastKnownFileType = file; path = "Phudu-SemiBold.ttf"; sourceTree = "<group>"; };
		21816ABD2BC81BE5007E6FD6 /* ContentSectionTitleView.swift */ = {isa = PBXFileReference; lastKnownFileType = sourcecode.swift; path = ContentSectionTitleView.swift; sourceTree = "<group>"; };
		21816AC12BC81DB8007E6FD6 /* NotoSansKR-ExtraLight.ttf */ = {isa = PBXFileReference; lastKnownFileType = file; path = "NotoSansKR-ExtraLight.ttf"; sourceTree = "<group>"; };
		21816AC22BC81DB8007E6FD6 /* NotoSansKR-Black.ttf */ = {isa = PBXFileReference; lastKnownFileType = file; path = "NotoSansKR-Black.ttf"; sourceTree = "<group>"; };
		21816AC32BC81DB8007E6FD6 /* NotoSansKR-ExtraBold.ttf */ = {isa = PBXFileReference; lastKnownFileType = file; path = "NotoSansKR-ExtraBold.ttf"; sourceTree = "<group>"; };
		21816AC42BC81DB8007E6FD6 /* NotoSansKR-Regular.ttf */ = {isa = PBXFileReference; lastKnownFileType = file; path = "NotoSansKR-Regular.ttf"; sourceTree = "<group>"; };
		21816AC52BC81DB8007E6FD6 /* NotoSansKR-Medium.ttf */ = {isa = PBXFileReference; lastKnownFileType = file; path = "NotoSansKR-Medium.ttf"; sourceTree = "<group>"; };
		21816AC62BC81DB8007E6FD6 /* NotoSansKR-Light.ttf */ = {isa = PBXFileReference; lastKnownFileType = file; path = "NotoSansKR-Light.ttf"; sourceTree = "<group>"; };
		21816AC72BC81DB8007E6FD6 /* NotoSansKR-Thin.ttf */ = {isa = PBXFileReference; lastKnownFileType = file; path = "NotoSansKR-Thin.ttf"; sourceTree = "<group>"; };
		21816AC82BC81DB8007E6FD6 /* NotoSansKR-SemiBold.ttf */ = {isa = PBXFileReference; lastKnownFileType = file; path = "NotoSansKR-SemiBold.ttf"; sourceTree = "<group>"; };
		21816AC92BC81DB8007E6FD6 /* NotoSansKR-Bold.ttf */ = {isa = PBXFileReference; lastKnownFileType = file; path = "NotoSansKR-Bold.ttf"; sourceTree = "<group>"; };
		21816AD32BC82568007E6FD6 /* ContentCategoryItemView.swift */ = {isa = PBXFileReference; lastKnownFileType = sourcecode.swift; path = ContentCategoryItemView.swift; sourceTree = "<group>"; };
		21816AD82BC82DCB007E6FD6 /* ExpandedImageView.swift */ = {isa = PBXFileReference; lastKnownFileType = sourcecode.swift; path = ExpandedImageView.swift; sourceTree = "<group>"; };
		21816ADB2BC83BBE007E6FD6 /* ContentExpandableChapterItemView.swift */ = {isa = PBXFileReference; lastKnownFileType = sourcecode.swift; path = ContentExpandableChapterItemView.swift; sourceTree = "<group>"; };
		218267642BE6808200D8C17C /* QuizListViewModel.swift */ = {isa = PBXFileReference; lastKnownFileType = sourcecode.swift; path = QuizListViewModel.swift; sourceTree = "<group>"; };
		218267662BE6809300D8C17C /* QuizView.swift */ = {isa = PBXFileReference; lastKnownFileType = sourcecode.swift; path = QuizView.swift; sourceTree = "<group>"; };
		218267692BE680A300D8C17C /* QuizViewModel.swift */ = {isa = PBXFileReference; lastKnownFileType = sourcecode.swift; path = QuizViewModel.swift; sourceTree = "<group>"; };
		2182676B2BE6831C00D8C17C /* QuizListItemView.swift */ = {isa = PBXFileReference; lastKnownFileType = sourcecode.swift; path = QuizListItemView.swift; sourceTree = "<group>"; };
		218267702BE68A5C00D8C17C /* QuizResultView.swift */ = {isa = PBXFileReference; lastKnownFileType = sourcecode.swift; path = QuizResultView.swift; sourceTree = "<group>"; };
		218267732BE68A6F00D8C17C /* QuizResultViewModel.swift */ = {isa = PBXFileReference; lastKnownFileType = sourcecode.swift; path = QuizResultViewModel.swift; sourceTree = "<group>"; };
		218267752BE68A8500D8C17C /* QuizResultDetailView.swift */ = {isa = PBXFileReference; lastKnownFileType = sourcecode.swift; path = QuizResultDetailView.swift; sourceTree = "<group>"; };
		218323852BEA6E1600FB79B5 /* QuizContentItem.swift */ = {isa = PBXFileReference; lastKnownFileType = sourcecode.swift; path = QuizContentItem.swift; sourceTree = "<group>"; };
		219EFBBA2B9F068200FBEBE0 /* HomeView.swift */ = {isa = PBXFileReference; lastKnownFileType = sourcecode.swift; path = HomeView.swift; sourceTree = "<group>"; };
		219EFBBC2B9F068E00FBEBE0 /* LectureListView.swift */ = {isa = PBXFileReference; lastKnownFileType = sourcecode.swift; path = LectureListView.swift; sourceTree = "<group>"; };
		219EFBBE2B9F069600FBEBE0 /* QuizListView.swift */ = {isa = PBXFileReference; lastKnownFileType = sourcecode.swift; path = QuizListView.swift; sourceTree = "<group>"; };
		219EFBC02B9F069F00FBEBE0 /* AIInterviewView.swift */ = {isa = PBXFileReference; lastKnownFileType = sourcecode.swift; path = AIInterviewView.swift; sourceTree = "<group>"; };
		219EFBC22B9F06C300FBEBE0 /* ProfileView.swift */ = {isa = PBXFileReference; lastKnownFileType = sourcecode.swift; path = ProfileView.swift; sourceTree = "<group>"; };
		219EFBC42B9F0A4C00FBEBE0 /* Setup+ImageStrings.swift */ = {isa = PBXFileReference; lastKnownFileType = sourcecode.swift; path = "Setup+ImageStrings.swift"; sourceTree = "<group>"; };
		219EFBCF2B9F145900FBEBE0 /* Setup+Frame.swift */ = {isa = PBXFileReference; lastKnownFileType = sourcecode.swift; path = "Setup+Frame.swift"; sourceTree = "<group>"; };
		219EFBD22B9F4DE200FBEBE0 /* HomeViewModelUnitTest.swift */ = {isa = PBXFileReference; lastKnownFileType = sourcecode.swift; path = HomeViewModelUnitTest.swift; sourceTree = "<group>"; };
/* End PBXFileReference section */

/* Begin PBXFrameworksBuildPhase section */
		217BCCAD2B9DE5C300B5461B /* Frameworks */ = {
			isa = PBXFrameworksBuildPhase;
			buildActionMask = 2147483647;
			files = (
				2170E74A2BBAF00A002A1DA6 /* KakaoSDKUser in Frameworks */,
				217A51382BAECB3F0052A07E /* Alamofire in Frameworks */,
				2170E7462BBAF00A002A1DA6 /* KakaoSDK in Frameworks */,
				2170E7482BBAF00A002A1DA6 /* KakaoSDKAuth in Frameworks */,
			);
			runOnlyForDeploymentPostprocessing = 0;
		};
		217BCCBD2B9DE5C400B5461B /* Frameworks */ = {
			isa = PBXFrameworksBuildPhase;
			buildActionMask = 2147483647;
			files = (
				2170E7532BBAF04B002A1DA6 /* KakaoSDKUser in Frameworks */,
				2170E74D2BBAF03C002A1DA6 /* Alamofire in Frameworks */,
				2170E74F2BBAF043002A1DA6 /* KakaoSDK in Frameworks */,
				2170E7512BBAF046002A1DA6 /* KakaoSDKAuth in Frameworks */,
			);
			runOnlyForDeploymentPostprocessing = 0;
		};
		217BCCC72B9DE5C400B5461B /* Frameworks */ = {
			isa = PBXFrameworksBuildPhase;
			buildActionMask = 2147483647;
			files = (
			);
			runOnlyForDeploymentPostprocessing = 0;
		};
/* End PBXFrameworksBuildPhase section */

/* Begin PBXGroup section */
		214282D12BD0FDE900EA3CC1 /* Shape */ = {
			isa = PBXGroup;
			children = (
				214282CF2BD0FDE000EA3CC1 /* EquilateralTrapezoid.swift */,
			);
			path = Shape;
			sourceTree = "<group>";
		};
		2167FD492BC04E2F00A45F2B /* Font */ = {
			isa = PBXGroup;
			children = (
				21816AC22BC81DB8007E6FD6 /* NotoSansKR-Black.ttf */,
				21816AC92BC81DB8007E6FD6 /* NotoSansKR-Bold.ttf */,
				21816AC32BC81DB8007E6FD6 /* NotoSansKR-ExtraBold.ttf */,
				21816AC12BC81DB8007E6FD6 /* NotoSansKR-ExtraLight.ttf */,
				21816AC62BC81DB8007E6FD6 /* NotoSansKR-Light.ttf */,
				21816AC52BC81DB8007E6FD6 /* NotoSansKR-Medium.ttf */,
				21816AC42BC81DB8007E6FD6 /* NotoSansKR-Regular.ttf */,
				21816AC82BC81DB8007E6FD6 /* NotoSansKR-SemiBold.ttf */,
				21816AC72BC81DB8007E6FD6 /* NotoSansKR-Thin.ttf */,
				2167FD4D2BC0594C00A45F2B /* Galmuri11-Bold.ttf */,
				21816AA72BC5856D007E6FD6 /* LINESeedKR-Bd.ttf */,
				21816AA62BC5856D007E6FD6 /* LINESeedKR-Rg.ttf */,
				21816AA82BC5856D007E6FD6 /* LINESeedKR-Th.ttf */,
				21816AAC2BC58585007E6FD6 /* Phudu-Black.ttf */,
				21816AB12BC58585007E6FD6 /* Phudu-Bold.ttf */,
				21816AB02BC58585007E6FD6 /* Phudu-ExtraBold.ttf */,
				21816AAE2BC58585007E6FD6 /* Phudu-Light.ttf */,
				21816AAD2BC58585007E6FD6 /* Phudu-Medium.ttf */,
				21816AAF2BC58585007E6FD6 /* Phudu-Regular.ttf */,
				21816AB22BC58585007E6FD6 /* Phudu-SemiBold.ttf */,
			);
			path = Font;
			sourceTree = "<group>";
		};
		216F5F8C2BAB2F19008817B0 /* ContentPayload */ = {
			isa = PBXGroup;
			children = (
				21816ABD2BC81BE5007E6FD6 /* ContentSectionTitleView.swift */,
				216F5F8A2BAB2F15008817B0 /* ContentTextView.swift */,
				21816AD52BC82DB4007E6FD6 /* ContentImage */,
			);
			path = ContentPayload;
			sourceTree = "<group>";
		};
		216F5F8D2BAB3018008817B0 /* Network */ = {
			isa = PBXGroup;
			children = (
				217A513C2BAECBB70052A07E /* Error+Network.swift */,
				217A513A2BAECB800052A07E /* Router.swift */,
				216F5F8E2BAB302C008817B0 /* NetworkManager.swift */,
				2175BE7E2BDFD4680048FBEB /* AuthManager.swift */,
			);
			path = Network;
			sourceTree = "<group>";
		};
		2170E74B2BBAF03C002A1DA6 /* Frameworks */ = {
			isa = PBXGroup;
			children = (
			);
			name = Frameworks;
			sourceTree = "<group>";
		};
		2173C04D2BA0904900FDD3D9 /* Login+SignUp */ = {
			isa = PBXGroup;
			children = (
				2173C0522BA090C400FDD3D9 /* Login */,
				2173C0532BA090CC00FDD3D9 /* SignUp */,
			);
			path = "Login+SignUp";
			sourceTree = "<group>";
		};
		2173C0522BA090C400FDD3D9 /* Login */ = {
			isa = PBXGroup;
			children = (
				2173C0542BA090F200FDD3D9 /* SocialLoginViewModel.swift */,
				2173C0492BA0901600FDD3D9 /* SocialLoginView.swift */,
			);
			path = Login;
			sourceTree = "<group>";
		};
		2173C0532BA090CC00FDD3D9 /* SignUp */ = {
			isa = PBXGroup;
			children = (
				2173C04B2BA0902000FDD3D9 /* SignUpInfoView.swift */,
			);
			name = SignUp;
			sourceTree = "<group>";
		};
		2173C0592BA0917500FDD3D9 /* Manager */ = {
			isa = PBXGroup;
			children = (
				2173C0612BA093A100FDD3D9 /* Error+UserDefaultsManager.swift */,
				2173C0572BA0917100FDD3D9 /* UserDefaultsManager.swift */,
				216F5F8D2BAB3018008817B0 /* Network */,
			);
			path = Manager;
			sourceTree = "<group>";
		};
		2173C05A2BA0918800FDD3D9 /* Scene */ = {
			isa = PBXGroup;
			children = (
				217BCCB52B9DE5C300B5461B /* MainTabBarView.swift */,
				2173C04D2BA0904900FDD3D9 /* Login+SignUp */,
				219EFBCA2B9F127400FBEBE0 /* Home */,
				219EFBCB2B9F127B00FBEBE0 /* Lecture */,
				219EFBCC2B9F128000FBEBE0 /* Quiz */,
				219EFBCD2B9F128500FBEBE0 /* AIInterview */,
				219EFBCE2B9F128B00FBEBE0 /* Profile */,
			);
			path = Scene;
			sourceTree = "<group>";
		};
		217A51402BAECD380052A07E /* Model */ = {
			isa = PBXGroup;
			children = (
				217A51412BAECD450052A07E /* UserAccount */,
				217E55A72BB1C3900014B46E /* LectureContent */,
				217E55A82BB1C39C0014B46E /* Quiz */,
			);
			path = Model;
			sourceTree = "<group>";
		};
		217A51412BAECD450052A07E /* UserAccount */ = {
			isa = PBXGroup;
			children = (
				217A513E2BAECD350052A07E /* SignUp.swift */,
				217A51422BAECD5D0052A07E /* SignIn.swift */,
				217E55A52BB1BA2D0014B46E /* Authorization.swift */,
				217A51492BAED0800052A07E /* RefreshAccessToken.swift */,
				217E559F2BB162000014B46E /* Trophy.swift */,
				217E55A32BB16CB00014B46E /* Profile.swift */,
			);
			path = UserAccount;
			sourceTree = "<group>";
		};
		217B53162BA2EDEB0081D418 /* Component */ = {
			isa = PBXGroup;
			children = (
				217B53142BA2EDE70081D418 /* SocialLoginButtonView.swift */,
				21816ABC2BC595FC007E6FD6 /* Button */,
				214282D12BD0FDE900EA3CC1 /* Shape */,
				21816ADA2BC83B92007E6FD6 /* LectureContent */,
				2182676D2BE6833800D8C17C /* QuizContent */,
				216F5F8C2BAB2F19008817B0 /* ContentPayload */,
			);
			path = Component;
			sourceTree = "<group>";
		};
		217BCCA72B9DE5C300B5461B = {
			isa = PBXGroup;
			children = (
				217BCCB22B9DE5C300B5461B /* kiwIT */,
				217BCCC32B9DE5C400B5461B /* kiwITTests */,
				217BCCCD2B9DE5C400B5461B /* kiwITUITests */,
				217BCCB12B9DE5C300B5461B /* Products */,
				2170E74B2BBAF03C002A1DA6 /* Frameworks */,
			);
			sourceTree = "<group>";
		};
		217BCCB12B9DE5C300B5461B /* Products */ = {
			isa = PBXGroup;
			children = (
				217BCCB02B9DE5C300B5461B /* kiwIT.app */,
				217BCCC02B9DE5C400B5461B /* kiwITTests.xctest */,
				217BCCCA2B9DE5C400B5461B /* kiwITUITests.xctest */,
			);
			name = Products;
			sourceTree = "<group>";
		};
		217BCCB22B9DE5C300B5461B /* kiwIT */ = {
			isa = PBXGroup;
			children = (
				2167FD4A2BC04FDF00A45F2B /* Info.plist */,
				217BCCDF2B9DE84100B5461B /* APIKey.swift */,
				217BCCDD2B9DE6CD00B5461B /* .gitignore */,
				2167FD492BC04E2F00A45F2B /* Font */,
				217BCCB32B9DE5C300B5461B /* kiwITApp.swift */,
				219EFBC62B9F0A5200FBEBE0 /* Setup */,
				217A51402BAECD380052A07E /* Model */,
				2173C0592BA0917500FDD3D9 /* Manager */,
				217B53162BA2EDEB0081D418 /* Component */,
				2173C05A2BA0918800FDD3D9 /* Scene */,
				217BCCB72B9DE5C400B5461B /* Assets.xcassets */,
				217BCCB92B9DE5C400B5461B /* Preview Content */,
			);
			path = kiwIT;
			sourceTree = "<group>";
		};
		217BCCB92B9DE5C400B5461B /* Preview Content */ = {
			isa = PBXGroup;
			children = (
				217BCCBA2B9DE5C400B5461B /* Preview Assets.xcassets */,
			);
			path = "Preview Content";
			sourceTree = "<group>";
		};
		217BCCC32B9DE5C400B5461B /* kiwITTests */ = {
			isa = PBXGroup;
			children = (
				2173C05F2BA0927200FDD3D9 /* UserDefaultsTest.swift */,
				2173C05D2BA0924300FDD3D9 /* SocialLoginViewModelUnitTest.swift */,
				219EFBD22B9F4DE200FBEBE0 /* HomeViewModelUnitTest.swift */,
				217BCCC42B9DE5C400B5461B /* LectureViewModelUnitTest.swift */,
			);
			path = kiwITTests;
			sourceTree = "<group>";
		};
		217BCCCD2B9DE5C400B5461B /* kiwITUITests */ = {
			isa = PBXGroup;
			children = (
				217BCCCE2B9DE5C400B5461B /* kiwITUITests.swift */,
				217BCCD02B9DE5C400B5461B /* kiwITUITestsLaunchTests.swift */,
			);
			path = kiwITUITests;
			sourceTree = "<group>";
		};
		217D59402BA9C20D005AE418 /* LectureList */ = {
			isa = PBXGroup;
			children = (
				2173C06A2BA0A1BA00FDD3D9 /* LectureListViewModel.swift */,
				219EFBBC2B9F068E00FBEBE0 /* LectureListView.swift */,
			);
			path = LectureList;
			sourceTree = "<group>";
		};
		217D59412BA9C216005AE418 /* Content */ = {
			isa = PBXGroup;
			children = (
				217D593E2BA9C208005AE418 /* LectureViewModel.swift */,
				217D59422BA9C22C005AE418 /* LectureView.swift */,
			);
			path = Content;
			sourceTree = "<group>";
		};
		217D59482BA9C716005AE418 /* CategoryList */ = {
			isa = PBXGroup;
			children = (
				217D59462BA9C712005AE418 /* LectureCategoryListViewModel.swift */,
				217D59442BA9C700005AE418 /* LectureCategoryListView.swift */,
			);
			path = CategoryList;
			sourceTree = "<group>";
		};
		217E55A72BB1C3900014B46E /* LectureContent */ = {
			isa = PBXGroup;
			children = (
			);
			path = LectureContent;
			sourceTree = "<group>";
		};
		217E55A82BB1C39C0014B46E /* Quiz */ = {
			isa = PBXGroup;
			children = (
			);
			path = Quiz;
			sourceTree = "<group>";
		};
		21816ABC2BC595FC007E6FD6 /* Button */ = {
			isa = PBXGroup;
			children = (
				2170E7562BBC6DD7002A1DA6 /* ActiveButtonView.swift */,
			);
			path = Button;
			sourceTree = "<group>";
		};
		21816AD52BC82DB4007E6FD6 /* ContentImage */ = {
			isa = PBXGroup;
			children = (
				216F5F882BAB2DD8008817B0 /* ContentImageView.swift */,
				21816AD82BC82DCB007E6FD6 /* ExpandedImageView.swift */,
			);
			path = ContentImage;
			sourceTree = "<group>";
		};
		21816ADA2BC83B92007E6FD6 /* LectureContent */ = {
			isa = PBXGroup;
			children = (
				214282D22BD1023C00EA3CC1 /* CategoryItemUITest.swift */,
				21816AD32BC82568007E6FD6 /* ContentCategoryItemView.swift */,
				21816ADB2BC83BBE007E6FD6 /* ContentExpandableChapterItemView.swift */,
				2163D0892BCFCA1800A42EBB /* ContentSectionItemView.swift */,
			);
			path = LectureContent;
			sourceTree = "<group>";
		};
		218267632BE67C6700D8C17C /* QuizList */ = {
			isa = PBXGroup;
			children = (
				218267642BE6808200D8C17C /* QuizListViewModel.swift */,
				219EFBBE2B9F069600FBEBE0 /* QuizListView.swift */,
			);
			path = QuizList;
			sourceTree = "<group>";
		};
		218267682BE6809700D8C17C /* Quiz */ = {
			isa = PBXGroup;
			children = (
				218267692BE680A300D8C17C /* QuizViewModel.swift */,
				218267662BE6809300D8C17C /* QuizView.swift */,
			);
			path = Quiz;
			sourceTree = "<group>";
		};
		2182676D2BE6833800D8C17C /* QuizContent */ = {
			isa = PBXGroup;
			children = (
				2182676B2BE6831C00D8C17C /* QuizListItemView.swift */,
				218323852BEA6E1600FB79B5 /* QuizContentItem.swift */,
			);
			path = QuizContent;
			sourceTree = "<group>";
		};
		218267722BE68A5F00D8C17C /* QuizResult */ = {
			isa = PBXGroup;
			children = (
				218267732BE68A6F00D8C17C /* QuizResultViewModel.swift */,
				218267702BE68A5C00D8C17C /* QuizResultView.swift */,
				218267752BE68A8500D8C17C /* QuizResultDetailView.swift */,
			);
			path = QuizResult;
			sourceTree = "<group>";
		};
		219EFBC62B9F0A5200FBEBE0 /* Setup */ = {
			isa = PBXGroup;
			children = (
				217A51452BAECDE50052A07E /* Type.swift */,
				219EFBD12B9F146B00FBEBE0 /* Utility */,
				219EFBC72B9F0AA300FBEBE0 /* Strings */,
			);
			path = Setup;
			sourceTree = "<group>";
		};
		219EFBC72B9F0AA300FBEBE0 /* Strings */ = {
			isa = PBXGroup;
			children = (
				2173C0642BA0971B00FDD3D9 /* Setup+UserDefaultsStrings.swift */,
				2175BE852BDFDA700048FBEB /* Setup+NetworkErrorMessageStrings.swift */,
				2167FD4B2BC058E600A45F2B /* Setup+FontStrings.swift */,
				219EFBC42B9F0A4C00FBEBE0 /* Setup+ImageStrings.swift */,
				217B53122BA2EBA90081D418 /* Setup+ContentStrings.swift */,
				217801F72BB060CE004A7226 /* Setup+NetworkStrings.swift */,
				217A514D2BAED1880052A07E /* Setup+NetworkEndPointStrings.swift */,
			);
			path = Strings;
			sourceTree = "<group>";
		};
		219EFBCA2B9F127400FBEBE0 /* Home */ = {
			isa = PBXGroup;
			children = (
				2173C0682BA0A18000FDD3D9 /* HomeViewModel.swift */,
				219EFBBA2B9F068200FBEBE0 /* HomeView.swift */,
			);
			path = Home;
			sourceTree = "<group>";
		};
		219EFBCB2B9F127B00FBEBE0 /* Lecture */ = {
			isa = PBXGroup;
			children = (
				217D59482BA9C716005AE418 /* CategoryList */,
				217D59402BA9C20D005AE418 /* LectureList */,
				217D59412BA9C216005AE418 /* Content */,
			);
			path = Lecture;
			sourceTree = "<group>";
		};
		219EFBCC2B9F128000FBEBE0 /* Quiz */ = {
			isa = PBXGroup;
			children = (
				218267632BE67C6700D8C17C /* QuizList */,
				218267682BE6809700D8C17C /* Quiz */,
				218267722BE68A5F00D8C17C /* QuizResult */,
			);
			path = Quiz;
			sourceTree = "<group>";
		};
		219EFBCD2B9F128500FBEBE0 /* AIInterview */ = {
			isa = PBXGroup;
			children = (
				219EFBC02B9F069F00FBEBE0 /* AIInterviewView.swift */,
			);
			path = AIInterview;
			sourceTree = "<group>";
		};
		219EFBCE2B9F128B00FBEBE0 /* Profile */ = {
			isa = PBXGroup;
			children = (
				219EFBC22B9F06C300FBEBE0 /* ProfileView.swift */,
			);
			path = Profile;
			sourceTree = "<group>";
		};
		219EFBD12B9F146B00FBEBE0 /* Utility */ = {
			isa = PBXGroup;
			children = (
				219EFBCF2B9F145900FBEBE0 /* Setup+Frame.swift */,
				2170E7542BBC6873002A1DA6 /* Setup+Color.swift */,
			);
			path = Utility;
			sourceTree = "<group>";
		};
/* End PBXGroup section */

/* Begin PBXNativeTarget section */
		217BCCAF2B9DE5C300B5461B /* kiwIT */ = {
			isa = PBXNativeTarget;
			buildConfigurationList = 217BCCD42B9DE5C400B5461B /* Build configuration list for PBXNativeTarget "kiwIT" */;
			buildPhases = (
				217BCCAC2B9DE5C300B5461B /* Sources */,
				217BCCAD2B9DE5C300B5461B /* Frameworks */,
				217BCCAE2B9DE5C300B5461B /* Resources */,
			);
			buildRules = (
			);
			dependencies = (
			);
			name = kiwIT;
			packageProductDependencies = (
				217A51372BAECB3F0052A07E /* Alamofire */,
				2170E7452BBAF00A002A1DA6 /* KakaoSDK */,
				2170E7472BBAF00A002A1DA6 /* KakaoSDKAuth */,
				2170E7492BBAF00A002A1DA6 /* KakaoSDKUser */,
			);
			productName = kiwIT;
			productReference = 217BCCB02B9DE5C300B5461B /* kiwIT.app */;
			productType = "com.apple.product-type.application";
		};
		217BCCBF2B9DE5C400B5461B /* kiwITTests */ = {
			isa = PBXNativeTarget;
			buildConfigurationList = 217BCCD72B9DE5C400B5461B /* Build configuration list for PBXNativeTarget "kiwITTests" */;
			buildPhases = (
				217BCCBC2B9DE5C400B5461B /* Sources */,
				217BCCBD2B9DE5C400B5461B /* Frameworks */,
				217BCCBE2B9DE5C400B5461B /* Resources */,
			);
			buildRules = (
			);
			dependencies = (
				217BCCC22B9DE5C400B5461B /* PBXTargetDependency */,
			);
			name = kiwITTests;
			packageProductDependencies = (
				2170E74C2BBAF03C002A1DA6 /* Alamofire */,
				2170E74E2BBAF043002A1DA6 /* KakaoSDK */,
				2170E7502BBAF046002A1DA6 /* KakaoSDKAuth */,
				2170E7522BBAF04B002A1DA6 /* KakaoSDKUser */,
			);
			productName = kiwITTests;
			productReference = 217BCCC02B9DE5C400B5461B /* kiwITTests.xctest */;
			productType = "com.apple.product-type.bundle.unit-test";
		};
		217BCCC92B9DE5C400B5461B /* kiwITUITests */ = {
			isa = PBXNativeTarget;
			buildConfigurationList = 217BCCDA2B9DE5C400B5461B /* Build configuration list for PBXNativeTarget "kiwITUITests" */;
			buildPhases = (
				217BCCC62B9DE5C400B5461B /* Sources */,
				217BCCC72B9DE5C400B5461B /* Frameworks */,
				217BCCC82B9DE5C400B5461B /* Resources */,
			);
			buildRules = (
			);
			dependencies = (
				217BCCCC2B9DE5C400B5461B /* PBXTargetDependency */,
			);
			name = kiwITUITests;
			productName = kiwITUITests;
			productReference = 217BCCCA2B9DE5C400B5461B /* kiwITUITests.xctest */;
			productType = "com.apple.product-type.bundle.ui-testing";
		};
/* End PBXNativeTarget section */

/* Begin PBXProject section */
		217BCCA82B9DE5C300B5461B /* Project object */ = {
			isa = PBXProject;
			attributes = {
				BuildIndependentTargetsInParallel = 1;
				LastSwiftUpdateCheck = 1520;
				LastUpgradeCheck = 1520;
				TargetAttributes = {
					217BCCAF2B9DE5C300B5461B = {
						CreatedOnToolsVersion = 15.2;
					};
					217BCCBF2B9DE5C400B5461B = {
						CreatedOnToolsVersion = 15.2;
						TestTargetID = 217BCCAF2B9DE5C300B5461B;
					};
					217BCCC92B9DE5C400B5461B = {
						CreatedOnToolsVersion = 15.2;
						TestTargetID = 217BCCAF2B9DE5C300B5461B;
					};
				};
			};
			buildConfigurationList = 217BCCAB2B9DE5C300B5461B /* Build configuration list for PBXProject "kiwIT" */;
			compatibilityVersion = "Xcode 14.0";
			developmentRegion = en;
			hasScannedForEncodings = 0;
			knownRegions = (
				en,
				Base,
			);
			mainGroup = 217BCCA72B9DE5C300B5461B;
			packageReferences = (
				217A51362BAECB3F0052A07E /* XCRemoteSwiftPackageReference "Alamofire" */,
				2170E7442BBAF00A002A1DA6 /* XCRemoteSwiftPackageReference "kakao-ios-sdk" */,
			);
			productRefGroup = 217BCCB12B9DE5C300B5461B /* Products */;
			projectDirPath = "";
			projectRoot = "";
			targets = (
				217BCCAF2B9DE5C300B5461B /* kiwIT */,
				217BCCBF2B9DE5C400B5461B /* kiwITTests */,
				217BCCC92B9DE5C400B5461B /* kiwITUITests */,
			);
		};
/* End PBXProject section */

/* Begin PBXResourcesBuildPhase section */
		217BCCAE2B9DE5C300B5461B /* Resources */ = {
			isa = PBXResourcesBuildPhase;
			buildActionMask = 2147483647;
			files = (
				21816AB52BC58585007E6FD6 /* Phudu-Medium.ttf in Resources */,
				21816AAB2BC5856D007E6FD6 /* LINESeedKR-Th.ttf in Resources */,
				21816AAA2BC5856D007E6FD6 /* LINESeedKR-Bd.ttf in Resources */,
				21816ACE2BC81DB9007E6FD6 /* NotoSansKR-Medium.ttf in Resources */,
				21816ABA2BC58585007E6FD6 /* Phudu-SemiBold.ttf in Resources */,
				21816AB62BC58585007E6FD6 /* Phudu-Light.ttf in Resources */,
				2167FD4E2BC0594C00A45F2B /* Galmuri11-Bold.ttf in Resources */,
				21816AA92BC5856D007E6FD6 /* LINESeedKR-Rg.ttf in Resources */,
				21816AB72BC58585007E6FD6 /* Phudu-Regular.ttf in Resources */,
				21816AD02BC81DB9007E6FD6 /* NotoSansKR-Thin.ttf in Resources */,
				21816ACC2BC81DB9007E6FD6 /* NotoSansKR-ExtraBold.ttf in Resources */,
				21816ACF2BC81DB9007E6FD6 /* NotoSansKR-Light.ttf in Resources */,
				21816AB42BC58585007E6FD6 /* Phudu-Black.ttf in Resources */,
				21816AB82BC58585007E6FD6 /* Phudu-ExtraBold.ttf in Resources */,
				217BCCBB2B9DE5C400B5461B /* Preview Assets.xcassets in Resources */,
				21816ACD2BC81DB9007E6FD6 /* NotoSansKR-Regular.ttf in Resources */,
				21816AD12BC81DB9007E6FD6 /* NotoSansKR-SemiBold.ttf in Resources */,
				21816AB92BC58585007E6FD6 /* Phudu-Bold.ttf in Resources */,
				21816ACA2BC81DB9007E6FD6 /* NotoSansKR-ExtraLight.ttf in Resources */,
				21816ACB2BC81DB9007E6FD6 /* NotoSansKR-Black.ttf in Resources */,
				217BCCB82B9DE5C400B5461B /* Assets.xcassets in Resources */,
				21816AD22BC81DB9007E6FD6 /* NotoSansKR-Bold.ttf in Resources */,
			);
			runOnlyForDeploymentPostprocessing = 0;
		};
		217BCCBE2B9DE5C400B5461B /* Resources */ = {
			isa = PBXResourcesBuildPhase;
			buildActionMask = 2147483647;
			files = (
				217BCCDE2B9DE6CD00B5461B /* .gitignore in Resources */,
			);
			runOnlyForDeploymentPostprocessing = 0;
		};
		217BCCC82B9DE5C400B5461B /* Resources */ = {
			isa = PBXResourcesBuildPhase;
			buildActionMask = 2147483647;
			files = (
			);
			runOnlyForDeploymentPostprocessing = 0;
		};
/* End PBXResourcesBuildPhase section */

/* Begin PBXSourcesBuildPhase section */
		217BCCAC2B9DE5C300B5461B /* Sources */ = {
			isa = PBXSourcesBuildPhase;
			buildActionMask = 2147483647;
			files = (
				216F5F8F2BAB302C008817B0 /* NetworkManager.swift in Sources */,
				2173C0692BA0A18000FDD3D9 /* HomeViewModel.swift in Sources */,
				2167FD4C2BC058E600A45F2B /* Setup+FontStrings.swift in Sources */,
				219EFBC32B9F06C300FBEBE0 /* ProfileView.swift in Sources */,
				217BCCB62B9DE5C300B5461B /* MainTabBarView.swift in Sources */,
				21816ADC2BC83BBE007E6FD6 /* ContentExpandableChapterItemView.swift in Sources */,
				2175BE862BDFDA700048FBEB /* Setup+NetworkErrorMessageStrings.swift in Sources */,
				217D59472BA9C713005AE418 /* LectureCategoryListViewModel.swift in Sources */,
				218267742BE68A6F00D8C17C /* QuizResultViewModel.swift in Sources */,
				217A514E2BAED1880052A07E /* Setup+NetworkEndPointStrings.swift in Sources */,
				217D593F2BA9C208005AE418 /* LectureViewModel.swift in Sources */,
				2182676A2BE680A300D8C17C /* QuizViewModel.swift in Sources */,
				2173C0652BA0971B00FDD3D9 /* Setup+UserDefaultsStrings.swift in Sources */,
				2173C0622BA093A100FDD3D9 /* Error+UserDefaultsManager.swift in Sources */,
				217A513D2BAECBB70052A07E /* Error+Network.swift in Sources */,
				219EFBBB2B9F068200FBEBE0 /* HomeView.swift in Sources */,
				217D59452BA9C700005AE418 /* LectureCategoryListView.swift in Sources */,
				217BCCE02B9DE84100B5461B /* APIKey.swift in Sources */,
				2170E7572BBC6DD7002A1DA6 /* ActiveButtonView.swift in Sources */,
				218267672BE6809300D8C17C /* QuizView.swift in Sources */,
				217B53132BA2EBA90081D418 /* Setup+ContentStrings.swift in Sources */,
				2173C04C2BA0902000FDD3D9 /* SignUpInfoView.swift in Sources */,
				2163D08A2BCFCA1800A42EBB /* ContentSectionItemView.swift in Sources */,
				217E55A42BB16CB00014B46E /* Profile.swift in Sources */,
				219EFBC12B9F069F00FBEBE0 /* AIInterviewView.swift in Sources */,
				219EFBD02B9F145900FBEBE0 /* Setup+Frame.swift in Sources */,
				218267762BE68A8500D8C17C /* QuizResultDetailView.swift in Sources */,
				219EFBBD2B9F068E00FBEBE0 /* LectureListView.swift in Sources */,
				219EFBC52B9F0A4C00FBEBE0 /* Setup+ImageStrings.swift in Sources */,
				217E55A02BB162000014B46E /* Trophy.swift in Sources */,
				2173C0552BA090F200FDD3D9 /* SocialLoginViewModel.swift in Sources */,
				217A513F2BAECD350052A07E /* SignUp.swift in Sources */,
				216F5F892BAB2DD8008817B0 /* ContentImageView.swift in Sources */,
				217A51462BAECDE50052A07E /* Type.swift in Sources */,
				21816AD42BC82568007E6FD6 /* ContentCategoryItemView.swift in Sources */,
				2173C0582BA0917100FDD3D9 /* UserDefaultsManager.swift in Sources */,
				217A51432BAECD5D0052A07E /* SignIn.swift in Sources */,
				2173C04A2BA0901600FDD3D9 /* SocialLoginView.swift in Sources */,
				2170E7552BBC6873002A1DA6 /* Setup+Color.swift in Sources */,
				217D59432BA9C22C005AE418 /* LectureView.swift in Sources */,
				216F5F8B2BAB2F15008817B0 /* ContentTextView.swift in Sources */,
				217B53152BA2EDE70081D418 /* SocialLoginButtonView.swift in Sources */,
				217A513B2BAECB800052A07E /* Router.swift in Sources */,
				217801F82BB060CE004A7226 /* Setup+NetworkStrings.swift in Sources */,
				2173C06B2BA0A1BA00FDD3D9 /* LectureListViewModel.swift in Sources */,
				21816AD92BC82DCB007E6FD6 /* ExpandedImageView.swift in Sources */,
				2175BE7F2BDFD4680048FBEB /* AuthManager.swift in Sources */,
				217A514A2BAED0800052A07E /* RefreshAccessToken.swift in Sources */,
				217BCCB42B9DE5C300B5461B /* kiwITApp.swift in Sources */,
				218267712BE68A5C00D8C17C /* QuizResultView.swift in Sources */,
				218323862BEA6E1600FB79B5 /* QuizContentItem.swift in Sources */,
				214282D02BD0FDE000EA3CC1 /* EquilateralTrapezoid.swift in Sources */,
				219EFBBF2B9F069600FBEBE0 /* QuizListView.swift in Sources */,
				218267652BE6808200D8C17C /* QuizListViewModel.swift in Sources */,
				217E55A62BB1BA2D0014B46E /* Authorization.swift in Sources */,
				214282D32BD1023C00EA3CC1 /* CategoryItemUITest.swift in Sources */,
				21816ABE2BC81BE5007E6FD6 /* ContentSectionTitleView.swift in Sources */,
				2182676C2BE6831C00D8C17C /* QuizListItemView.swift in Sources */,
			);
			runOnlyForDeploymentPostprocessing = 0;
		};
		217BCCBC2B9DE5C400B5461B /* Sources */ = {
			isa = PBXSourcesBuildPhase;
			buildActionMask = 2147483647;
			files = (
				2173C0632BA0953B00FDD3D9 /* Error+UserDefaultsManager.swift in Sources */,
				2173C08B2BA0A55C00FDD3D9 /* HomeViewModel.swift in Sources */,
				2173C05E2BA0924300FDD3D9 /* SocialLoginViewModelUnitTest.swift in Sources */,
				2173C0662BA0977700FDD3D9 /* Setup+UserDefaultsStrings.swift in Sources */,
				2173C05B2BA0921200FDD3D9 /* UserDefaultsManager.swift in Sources */,
				2173C08C2BA0A56500FDD3D9 /* LectureListViewModel.swift in Sources */,
				2173C0562BA090F700FDD3D9 /* SocialLoginViewModel.swift in Sources */,
				217BCCC52B9DE5C400B5461B /* LectureViewModelUnitTest.swift in Sources */,
				219EFBD32B9F4DE200FBEBE0 /* HomeViewModelUnitTest.swift in Sources */,
				2173C0602BA0927200FDD3D9 /* UserDefaultsTest.swift in Sources */,
			);
			runOnlyForDeploymentPostprocessing = 0;
		};
		217BCCC62B9DE5C400B5461B /* Sources */ = {
			isa = PBXSourcesBuildPhase;
			buildActionMask = 2147483647;
			files = (
				217BCCCF2B9DE5C400B5461B /* kiwITUITests.swift in Sources */,
				217BCCD12B9DE5C400B5461B /* kiwITUITestsLaunchTests.swift in Sources */,
			);
			runOnlyForDeploymentPostprocessing = 0;
		};
/* End PBXSourcesBuildPhase section */

/* Begin PBXTargetDependency section */
		217BCCC22B9DE5C400B5461B /* PBXTargetDependency */ = {
			isa = PBXTargetDependency;
			target = 217BCCAF2B9DE5C300B5461B /* kiwIT */;
			targetProxy = 217BCCC12B9DE5C400B5461B /* PBXContainerItemProxy */;
		};
		217BCCCC2B9DE5C400B5461B /* PBXTargetDependency */ = {
			isa = PBXTargetDependency;
			target = 217BCCAF2B9DE5C300B5461B /* kiwIT */;
			targetProxy = 217BCCCB2B9DE5C400B5461B /* PBXContainerItemProxy */;
		};
/* End PBXTargetDependency section */

/* Begin XCBuildConfiguration section */
		217BCCD22B9DE5C400B5461B /* Debug */ = {
			isa = XCBuildConfiguration;
			buildSettings = {
				ALWAYS_SEARCH_USER_PATHS = NO;
				ASSETCATALOG_COMPILER_GENERATE_SWIFT_ASSET_SYMBOL_EXTENSIONS = YES;
				CLANG_ANALYZER_NONNULL = YES;
				CLANG_ANALYZER_NUMBER_OBJECT_CONVERSION = YES_AGGRESSIVE;
				CLANG_CXX_LANGUAGE_STANDARD = "gnu++20";
				CLANG_ENABLE_MODULES = YES;
				CLANG_ENABLE_OBJC_ARC = YES;
				CLANG_ENABLE_OBJC_WEAK = YES;
				CLANG_WARN_BLOCK_CAPTURE_AUTORELEASING = YES;
				CLANG_WARN_BOOL_CONVERSION = YES;
				CLANG_WARN_COMMA = YES;
				CLANG_WARN_CONSTANT_CONVERSION = YES;
				CLANG_WARN_DEPRECATED_OBJC_IMPLEMENTATIONS = YES;
				CLANG_WARN_DIRECT_OBJC_ISA_USAGE = YES_ERROR;
				CLANG_WARN_DOCUMENTATION_COMMENTS = YES;
				CLANG_WARN_EMPTY_BODY = YES;
				CLANG_WARN_ENUM_CONVERSION = YES;
				CLANG_WARN_INFINITE_RECURSION = YES;
				CLANG_WARN_INT_CONVERSION = YES;
				CLANG_WARN_NON_LITERAL_NULL_CONVERSION = YES;
				CLANG_WARN_OBJC_IMPLICIT_RETAIN_SELF = YES;
				CLANG_WARN_OBJC_LITERAL_CONVERSION = YES;
				CLANG_WARN_OBJC_ROOT_CLASS = YES_ERROR;
				CLANG_WARN_QUOTED_INCLUDE_IN_FRAMEWORK_HEADER = YES;
				CLANG_WARN_RANGE_LOOP_ANALYSIS = YES;
				CLANG_WARN_STRICT_PROTOTYPES = YES;
				CLANG_WARN_SUSPICIOUS_MOVE = YES;
				CLANG_WARN_UNGUARDED_AVAILABILITY = YES_AGGRESSIVE;
				CLANG_WARN_UNREACHABLE_CODE = YES;
				CLANG_WARN__DUPLICATE_METHOD_MATCH = YES;
				COPY_PHASE_STRIP = NO;
				DEBUG_INFORMATION_FORMAT = dwarf;
				ENABLE_STRICT_OBJC_MSGSEND = YES;
				ENABLE_TESTABILITY = YES;
				ENABLE_USER_SCRIPT_SANDBOXING = YES;
				GCC_C_LANGUAGE_STANDARD = gnu17;
				GCC_DYNAMIC_NO_PIC = NO;
				GCC_NO_COMMON_BLOCKS = YES;
				GCC_OPTIMIZATION_LEVEL = 0;
				GCC_PREPROCESSOR_DEFINITIONS = (
					"DEBUG=1",
					"$(inherited)",
				);
				GCC_WARN_64_TO_32_BIT_CONVERSION = YES;
				GCC_WARN_ABOUT_RETURN_TYPE = YES_ERROR;
				GCC_WARN_UNDECLARED_SELECTOR = YES;
				GCC_WARN_UNINITIALIZED_AUTOS = YES_AGGRESSIVE;
				GCC_WARN_UNUSED_FUNCTION = YES;
				GCC_WARN_UNUSED_VARIABLE = YES;
				IPHONEOS_DEPLOYMENT_TARGET = 16.4;
				LOCALIZATION_PREFERS_STRING_CATALOGS = YES;
				MTL_ENABLE_DEBUG_INFO = INCLUDE_SOURCE;
				MTL_FAST_MATH = YES;
				ONLY_ACTIVE_ARCH = YES;
				SDKROOT = iphoneos;
				SWIFT_ACTIVE_COMPILATION_CONDITIONS = "DEBUG $(inherited)";
				SWIFT_OPTIMIZATION_LEVEL = "-Onone";
			};
			name = Debug;
		};
		217BCCD32B9DE5C400B5461B /* Release */ = {
			isa = XCBuildConfiguration;
			buildSettings = {
				ALWAYS_SEARCH_USER_PATHS = NO;
				ASSETCATALOG_COMPILER_GENERATE_SWIFT_ASSET_SYMBOL_EXTENSIONS = YES;
				CLANG_ANALYZER_NONNULL = YES;
				CLANG_ANALYZER_NUMBER_OBJECT_CONVERSION = YES_AGGRESSIVE;
				CLANG_CXX_LANGUAGE_STANDARD = "gnu++20";
				CLANG_ENABLE_MODULES = YES;
				CLANG_ENABLE_OBJC_ARC = YES;
				CLANG_ENABLE_OBJC_WEAK = YES;
				CLANG_WARN_BLOCK_CAPTURE_AUTORELEASING = YES;
				CLANG_WARN_BOOL_CONVERSION = YES;
				CLANG_WARN_COMMA = YES;
				CLANG_WARN_CONSTANT_CONVERSION = YES;
				CLANG_WARN_DEPRECATED_OBJC_IMPLEMENTATIONS = YES;
				CLANG_WARN_DIRECT_OBJC_ISA_USAGE = YES_ERROR;
				CLANG_WARN_DOCUMENTATION_COMMENTS = YES;
				CLANG_WARN_EMPTY_BODY = YES;
				CLANG_WARN_ENUM_CONVERSION = YES;
				CLANG_WARN_INFINITE_RECURSION = YES;
				CLANG_WARN_INT_CONVERSION = YES;
				CLANG_WARN_NON_LITERAL_NULL_CONVERSION = YES;
				CLANG_WARN_OBJC_IMPLICIT_RETAIN_SELF = YES;
				CLANG_WARN_OBJC_LITERAL_CONVERSION = YES;
				CLANG_WARN_OBJC_ROOT_CLASS = YES_ERROR;
				CLANG_WARN_QUOTED_INCLUDE_IN_FRAMEWORK_HEADER = YES;
				CLANG_WARN_RANGE_LOOP_ANALYSIS = YES;
				CLANG_WARN_STRICT_PROTOTYPES = YES;
				CLANG_WARN_SUSPICIOUS_MOVE = YES;
				CLANG_WARN_UNGUARDED_AVAILABILITY = YES_AGGRESSIVE;
				CLANG_WARN_UNREACHABLE_CODE = YES;
				CLANG_WARN__DUPLICATE_METHOD_MATCH = YES;
				COPY_PHASE_STRIP = NO;
				DEBUG_INFORMATION_FORMAT = "dwarf-with-dsym";
				ENABLE_NS_ASSERTIONS = NO;
				ENABLE_STRICT_OBJC_MSGSEND = YES;
				ENABLE_USER_SCRIPT_SANDBOXING = YES;
				GCC_C_LANGUAGE_STANDARD = gnu17;
				GCC_NO_COMMON_BLOCKS = YES;
				GCC_WARN_64_TO_32_BIT_CONVERSION = YES;
				GCC_WARN_ABOUT_RETURN_TYPE = YES_ERROR;
				GCC_WARN_UNDECLARED_SELECTOR = YES;
				GCC_WARN_UNINITIALIZED_AUTOS = YES_AGGRESSIVE;
				GCC_WARN_UNUSED_FUNCTION = YES;
				GCC_WARN_UNUSED_VARIABLE = YES;
				IPHONEOS_DEPLOYMENT_TARGET = 16.4;
				LOCALIZATION_PREFERS_STRING_CATALOGS = YES;
				MTL_ENABLE_DEBUG_INFO = NO;
				MTL_FAST_MATH = YES;
				SDKROOT = iphoneos;
				SWIFT_COMPILATION_MODE = wholemodule;
				VALIDATE_PRODUCT = YES;
			};
			name = Release;
		};
		217BCCD52B9DE5C400B5461B /* Debug */ = {
			isa = XCBuildConfiguration;
			buildSettings = {
				ASSETCATALOG_COMPILER_APPICON_NAME = AppIcon;
				ASSETCATALOG_COMPILER_GLOBAL_ACCENT_COLOR_NAME = AccentColor;
				CODE_SIGN_STYLE = Automatic;
				CURRENT_PROJECT_VERSION = 1;
				DEVELOPMENT_ASSET_PATHS = "\"kiwIT/Preview Content\"";
				DEVELOPMENT_TEAM = PSU86J5852;
				ENABLE_PREVIEWS = YES;
				GENERATE_INFOPLIST_FILE = YES;
				INFOPLIST_FILE = kiwIT/Info.plist;
				INFOPLIST_KEY_UIApplicationSceneManifest_Generation = YES;
				INFOPLIST_KEY_UIApplicationSupportsIndirectInputEvents = YES;
				INFOPLIST_KEY_UILaunchScreen_Generation = YES;
				INFOPLIST_KEY_UISupportedInterfaceOrientations = UIInterfaceOrientationPortrait;
				INFOPLIST_KEY_UISupportedInterfaceOrientations_iPad = "UIInterfaceOrientationLandscapeLeft UIInterfaceOrientationLandscapeRight UIInterfaceOrientationPortrait UIInterfaceOrientationPortraitUpsideDown";
				IPHONEOS_DEPLOYMENT_TARGET = 16.4;
				LD_RUNPATH_SEARCH_PATHS = (
					"$(inherited)",
					"@executable_path/Frameworks",
				);
				MARKETING_VERSION = 1.0;
				PRODUCT_BUNDLE_IDENTIFIER = com.phillyh.kiwIT;
				PRODUCT_NAME = "$(TARGET_NAME)";
				SUPPORTED_PLATFORMS = "iphoneos iphonesimulator";
				SUPPORTS_MACCATALYST = NO;
				SUPPORTS_MAC_DESIGNED_FOR_IPHONE_IPAD = NO;
				SUPPORTS_XR_DESIGNED_FOR_IPHONE_IPAD = NO;
				SWIFT_EMIT_LOC_STRINGS = YES;
				SWIFT_VERSION = 5.0;
				TARGETED_DEVICE_FAMILY = 1;
			};
			name = Debug;
		};
		217BCCD62B9DE5C400B5461B /* Release */ = {
			isa = XCBuildConfiguration;
			buildSettings = {
				ASSETCATALOG_COMPILER_APPICON_NAME = AppIcon;
				ASSETCATALOG_COMPILER_GLOBAL_ACCENT_COLOR_NAME = AccentColor;
				CODE_SIGN_STYLE = Automatic;
				CURRENT_PROJECT_VERSION = 1;
				DEVELOPMENT_ASSET_PATHS = "\"kiwIT/Preview Content\"";
				DEVELOPMENT_TEAM = PSU86J5852;
				ENABLE_PREVIEWS = YES;
				GENERATE_INFOPLIST_FILE = YES;
				INFOPLIST_FILE = kiwIT/Info.plist;
				INFOPLIST_KEY_UIApplicationSceneManifest_Generation = YES;
				INFOPLIST_KEY_UIApplicationSupportsIndirectInputEvents = YES;
				INFOPLIST_KEY_UILaunchScreen_Generation = YES;
				INFOPLIST_KEY_UISupportedInterfaceOrientations = UIInterfaceOrientationPortrait;
				INFOPLIST_KEY_UISupportedInterfaceOrientations_iPad = "UIInterfaceOrientationLandscapeLeft UIInterfaceOrientationLandscapeRight UIInterfaceOrientationPortrait UIInterfaceOrientationPortraitUpsideDown";
				IPHONEOS_DEPLOYMENT_TARGET = 16.4;
				LD_RUNPATH_SEARCH_PATHS = (
					"$(inherited)",
					"@executable_path/Frameworks",
				);
				MARKETING_VERSION = 1.0;
				PRODUCT_BUNDLE_IDENTIFIER = com.phillyh.kiwIT;
				PRODUCT_NAME = "$(TARGET_NAME)";
				SUPPORTED_PLATFORMS = "iphoneos iphonesimulator";
				SUPPORTS_MACCATALYST = NO;
				SUPPORTS_MAC_DESIGNED_FOR_IPHONE_IPAD = NO;
				SUPPORTS_XR_DESIGNED_FOR_IPHONE_IPAD = NO;
				SWIFT_EMIT_LOC_STRINGS = YES;
				SWIFT_VERSION = 5.0;
				TARGETED_DEVICE_FAMILY = 1;
			};
			name = Release;
		};
		217BCCD82B9DE5C400B5461B /* Debug */ = {
			isa = XCBuildConfiguration;
			buildSettings = {
				ALWAYS_EMBED_SWIFT_STANDARD_LIBRARIES = YES;
				BUNDLE_LOADER = "$(TEST_HOST)";
				CODE_SIGN_STYLE = Automatic;
				CURRENT_PROJECT_VERSION = 1;
				DEVELOPMENT_TEAM = PSU86J5852;
				GENERATE_INFOPLIST_FILE = YES;
				IPHONEOS_DEPLOYMENT_TARGET = 16.4;
				MARKETING_VERSION = 1.0;
				PRODUCT_BUNDLE_IDENTIFIER = com.phillyh.kiwITTests;
				PRODUCT_NAME = "$(TARGET_NAME)";
				SUPPORTED_PLATFORMS = "iphoneos iphonesimulator";
				SUPPORTS_MACCATALYST = NO;
				SUPPORTS_MAC_DESIGNED_FOR_IPHONE_IPAD = NO;
				SUPPORTS_XR_DESIGNED_FOR_IPHONE_IPAD = NO;
				SWIFT_EMIT_LOC_STRINGS = NO;
				SWIFT_VERSION = 5.0;
				TARGETED_DEVICE_FAMILY = 1;
				TEST_HOST = "$(BUILT_PRODUCTS_DIR)/kiwIT.app/$(BUNDLE_EXECUTABLE_FOLDER_PATH)/kiwIT";
			};
			name = Debug;
		};
		217BCCD92B9DE5C400B5461B /* Release */ = {
			isa = XCBuildConfiguration;
			buildSettings = {
				ALWAYS_EMBED_SWIFT_STANDARD_LIBRARIES = YES;
				BUNDLE_LOADER = "$(TEST_HOST)";
				CODE_SIGN_STYLE = Automatic;
				CURRENT_PROJECT_VERSION = 1;
				DEVELOPMENT_TEAM = PSU86J5852;
				GENERATE_INFOPLIST_FILE = YES;
				IPHONEOS_DEPLOYMENT_TARGET = 16.4;
				MARKETING_VERSION = 1.0;
				PRODUCT_BUNDLE_IDENTIFIER = com.phillyh.kiwITTests;
				PRODUCT_NAME = "$(TARGET_NAME)";
				SUPPORTED_PLATFORMS = "iphoneos iphonesimulator";
				SUPPORTS_MACCATALYST = NO;
				SUPPORTS_MAC_DESIGNED_FOR_IPHONE_IPAD = NO;
				SUPPORTS_XR_DESIGNED_FOR_IPHONE_IPAD = NO;
				SWIFT_EMIT_LOC_STRINGS = NO;
				SWIFT_VERSION = 5.0;
				TARGETED_DEVICE_FAMILY = 1;
				TEST_HOST = "$(BUILT_PRODUCTS_DIR)/kiwIT.app/$(BUNDLE_EXECUTABLE_FOLDER_PATH)/kiwIT";
			};
			name = Release;
		};
		217BCCDB2B9DE5C400B5461B /* Debug */ = {
			isa = XCBuildConfiguration;
			buildSettings = {
				ALWAYS_EMBED_SWIFT_STANDARD_LIBRARIES = YES;
				CODE_SIGN_STYLE = Automatic;
				CURRENT_PROJECT_VERSION = 1;
				DEVELOPMENT_TEAM = PSU86J5852;
				GENERATE_INFOPLIST_FILE = YES;
				MARKETING_VERSION = 1.0;
				PRODUCT_BUNDLE_IDENTIFIER = com.phillyh.kiwITUITests;
				PRODUCT_NAME = "$(TARGET_NAME)";
				SWIFT_EMIT_LOC_STRINGS = NO;
				SWIFT_VERSION = 5.0;
				TARGETED_DEVICE_FAMILY = "1,2";
				TEST_TARGET_NAME = kiwIT;
			};
			name = Debug;
		};
		217BCCDC2B9DE5C400B5461B /* Release */ = {
			isa = XCBuildConfiguration;
			buildSettings = {
				ALWAYS_EMBED_SWIFT_STANDARD_LIBRARIES = YES;
				CODE_SIGN_STYLE = Automatic;
				CURRENT_PROJECT_VERSION = 1;
				DEVELOPMENT_TEAM = PSU86J5852;
				GENERATE_INFOPLIST_FILE = YES;
				MARKETING_VERSION = 1.0;
				PRODUCT_BUNDLE_IDENTIFIER = com.phillyh.kiwITUITests;
				PRODUCT_NAME = "$(TARGET_NAME)";
				SWIFT_EMIT_LOC_STRINGS = NO;
				SWIFT_VERSION = 5.0;
				TARGETED_DEVICE_FAMILY = "1,2";
				TEST_TARGET_NAME = kiwIT;
			};
			name = Release;
		};
/* End XCBuildConfiguration section */

/* Begin XCConfigurationList section */
		217BCCAB2B9DE5C300B5461B /* Build configuration list for PBXProject "kiwIT" */ = {
			isa = XCConfigurationList;
			buildConfigurations = (
				217BCCD22B9DE5C400B5461B /* Debug */,
				217BCCD32B9DE5C400B5461B /* Release */,
			);
			defaultConfigurationIsVisible = 0;
			defaultConfigurationName = Release;
		};
		217BCCD42B9DE5C400B5461B /* Build configuration list for PBXNativeTarget "kiwIT" */ = {
			isa = XCConfigurationList;
			buildConfigurations = (
				217BCCD52B9DE5C400B5461B /* Debug */,
				217BCCD62B9DE5C400B5461B /* Release */,
			);
			defaultConfigurationIsVisible = 0;
			defaultConfigurationName = Release;
		};
		217BCCD72B9DE5C400B5461B /* Build configuration list for PBXNativeTarget "kiwITTests" */ = {
			isa = XCConfigurationList;
			buildConfigurations = (
				217BCCD82B9DE5C400B5461B /* Debug */,
				217BCCD92B9DE5C400B5461B /* Release */,
			);
			defaultConfigurationIsVisible = 0;
			defaultConfigurationName = Release;
		};
		217BCCDA2B9DE5C400B5461B /* Build configuration list for PBXNativeTarget "kiwITUITests" */ = {
			isa = XCConfigurationList;
			buildConfigurations = (
				217BCCDB2B9DE5C400B5461B /* Debug */,
				217BCCDC2B9DE5C400B5461B /* Release */,
			);
			defaultConfigurationIsVisible = 0;
			defaultConfigurationName = Release;
		};
/* End XCConfigurationList section */

/* Begin XCRemoteSwiftPackageReference section */
		2170E7442BBAF00A002A1DA6 /* XCRemoteSwiftPackageReference "kakao-ios-sdk" */ = {
			isa = XCRemoteSwiftPackageReference;
			repositoryURL = "https://github.com/kakao/kakao-ios-sdk";
			requirement = {
				kind = upToNextMajorVersion;
				minimumVersion = 2.22.0;
			};
		};
		217A51362BAECB3F0052A07E /* XCRemoteSwiftPackageReference "Alamofire" */ = {
			isa = XCRemoteSwiftPackageReference;
			repositoryURL = "https://github.com/Alamofire/Alamofire.git";
			requirement = {
				kind = upToNextMajorVersion;
				minimumVersion = 5.9.0;
			};
		};
/* End XCRemoteSwiftPackageReference section */

/* Begin XCSwiftPackageProductDependency section */
		2170E7452BBAF00A002A1DA6 /* KakaoSDK */ = {
			isa = XCSwiftPackageProductDependency;
			package = 2170E7442BBAF00A002A1DA6 /* XCRemoteSwiftPackageReference "kakao-ios-sdk" */;
			productName = KakaoSDK;
		};
		2170E7472BBAF00A002A1DA6 /* KakaoSDKAuth */ = {
			isa = XCSwiftPackageProductDependency;
			package = 2170E7442BBAF00A002A1DA6 /* XCRemoteSwiftPackageReference "kakao-ios-sdk" */;
			productName = KakaoSDKAuth;
		};
		2170E7492BBAF00A002A1DA6 /* KakaoSDKUser */ = {
			isa = XCSwiftPackageProductDependency;
			package = 2170E7442BBAF00A002A1DA6 /* XCRemoteSwiftPackageReference "kakao-ios-sdk" */;
			productName = KakaoSDKUser;
		};
		2170E74C2BBAF03C002A1DA6 /* Alamofire */ = {
			isa = XCSwiftPackageProductDependency;
			package = 217A51362BAECB3F0052A07E /* XCRemoteSwiftPackageReference "Alamofire" */;
			productName = Alamofire;
		};
		2170E74E2BBAF043002A1DA6 /* KakaoSDK */ = {
			isa = XCSwiftPackageProductDependency;
			package = 2170E7442BBAF00A002A1DA6 /* XCRemoteSwiftPackageReference "kakao-ios-sdk" */;
			productName = KakaoSDK;
		};
		2170E7502BBAF046002A1DA6 /* KakaoSDKAuth */ = {
			isa = XCSwiftPackageProductDependency;
			package = 2170E7442BBAF00A002A1DA6 /* XCRemoteSwiftPackageReference "kakao-ios-sdk" */;
			productName = KakaoSDKAuth;
		};
		2170E7522BBAF04B002A1DA6 /* KakaoSDKUser */ = {
			isa = XCSwiftPackageProductDependency;
			package = 2170E7442BBAF00A002A1DA6 /* XCRemoteSwiftPackageReference "kakao-ios-sdk" */;
			productName = KakaoSDKUser;
		};
		217A51372BAECB3F0052A07E /* Alamofire */ = {
			isa = XCSwiftPackageProductDependency;
			package = 217A51362BAECB3F0052A07E /* XCRemoteSwiftPackageReference "Alamofire" */;
			productName = Alamofire;
		};
/* End XCSwiftPackageProductDependency section */
	};
	rootObject = 217BCCA82B9DE5C300B5461B /* Project object */;
}
